PODS:
  - Alamofire (5.4.4)
  - Rokt-Widget (4.4.0)
  - SDWebImage (5.15.5):
    - SDWebImage/Core (= 5.15.5)
  - SDWebImage/Core (5.15.5)
  - SDWebImageSwiftUI (2.0.2):
    - SDWebImage (~> 5.10)

DEPENDENCIES:
  - Alamofire (~> 5.4.4)
  - Rokt-Widget (= 4.4.0)
  - SDWebImageSwiftUI (~> 2.0.2)

SPEC REPOS:
  trunk:
    - Alamofire
    - Rokt-Widget
    - SDWebImage
    - SDWebImageSwiftUI

SPEC CHECKSUMS:
  Alamofire: f3b09a368f1582ab751b3fff5460276e0d2cf5c9
  Rokt-Widget: 8f0d8f8bbc4d6f433f377352828cfeeffacb4e07
  SDWebImage: fd7e1a22f00303e058058278639bf6196ee431fe
  SDWebImageSwiftUI: 8a3923c95108312b03a599ec1498754af55a6819

PODFILE CHECKSUM: 7130270d1e06ddaf141254802be3c160de9040e9

COCOAPODS: 1.15.2
