PODS:
  - Alamofire (5.4.4)
  - Rokt-Widget (3.15.4)
  - SDWebImage (5.15.5):
    - SDWebImage/Core (= 5.15.5)
  - SDWebImage/Core (5.15.5)
  - SDWebImageSwiftUI (2.0.2):
    - SDWebImage (~> 5.10)

DEPENDENCIES:
  - Alamofire (~> 5.4.4)
  - Rokt-Widget (~> 3.15.4)
  - SDWebImageSwiftUI (~> 2.0.2)

SPEC REPOS:
  trunk:
    - Alamofire
    - Rokt-Widget
    - SDWebImage
    - SDWebImageSwiftUI

SPEC CHECKSUMS:
  Alamofire: f3b09a368f1582ab751b3fff5460276e0d2cf5c9
  Rokt-Widget: f97d213aada76628a56133e3046d0accfd02c09c
  SDWebImage: fd7e1a22f00303e058058278639bf6196ee431fe
  SDWebImageSwiftUI: 8a3923c95108312b03a599ec1498754af55a6819

PODFILE CHECKSUM: 13fec748c893be85f18f94cc2179b896c6f5d111

COCOAPODS: 1.12.1
