PODS:
  - Alamofire (5.4.4)
  - Rokt-Widget (4.9.0)
  - SDWebImage (5.15.5):
    - SDWebImage/Core (= 5.15.5)
  - SDWebImage/Core (5.15.5)
  - SDWebImageSwiftUI (2.0.2):
    - SDWebImage (~> 5.10)

DEPENDENCIES:
  - Alamofire (~> 5.4.4)
  - Rokt-Widget (= 4.9.0)
  - SDWebImageSwiftUI (~> 2.0.2)

SPEC REPOS:
  trunk:
    - Alamofire
    - Rokt-Widget
    - SDWebImage
    - SDWebImageSwiftUI

SPEC CHECKSUMS:
  Alamofire: f3b09a368f1582ab751b3fff5460276e0d2cf5c9
  Rokt-Widget: 9cd290fe5ef2f680ece63565d35c0a9026a89d5f
  SDWebImage: fd7e1a22f00303e058058278639bf6196ee431fe
  SDWebImageSwiftUI: 8a3923c95108312b03a599ec1498754af55a6819

PODFILE CHECKSUM: 34e9b69757c4621e32fff907251af6368ac92a88

COCOAPODS: 1.15.2
