// !$*UTF8*$!
{
	archiveVersion = 1;
	classes = {
	};
	objectVersion = 51;
	objects = {

/* Begin PBXBuildFile section */
		251E32DA274B0EEB00308A18 /* ConfirmationView.swift in Sources */ = {isa = PBXBuildFile; fileRef = 25A56258269BE2EC003E64B0 /* ConfirmationView.swift */; };
		251E32E0274B21B800308A18 /* DemoLibraryViewModel.swift in Sources */ = {isa = PBXBuildFile; fileRef = 256E3D3D2623DFE000639FE0 /* DemoLibraryViewModel.swift */; };
		251E32E1274B21C900308A18 /* CustomerDetailsViewModel.swift in Sources */ = {isa = PBXBuildFile; fileRef = 58CF380F2664C0AC00DCE317 /* CustomerDetailsViewModel.swift */; };
		251E32E2274B21EC00308A18 /* UIState.swift in Sources */ = {isa = PBXBuildFile; fileRef = 256C958126A1455400F0961B /* UIState.swift */; };
		251E32E3274B21FB00308A18 /* DemoLibraryModel.swift in Sources */ = {isa = PBXBuildFile; fileRef = 256EB764261C0FD900B959EF /* DemoLibraryModel.swift */; };
		251E32E4274B220C00308A18 /* DemoLibraryService.swift in Sources */ = {isa = PBXBuildFile; fileRef = 256EB787261C26FA00B959EF /* DemoLibraryService.swift */; };
		251E32E5274B223800308A18 /* RoktEmbeddedSwiftUIView.swift in Sources */ = {isa = PBXBuildFile; fileRef = 256A2840262D1D42000CF3D4 /* RoktEmbeddedSwiftUIView.swift */; };
		251E32E6274B225200308A18 /* NavigationBarBlackWithButton.swift in Sources */ = {isa = PBXBuildFile; fileRef = 2570F33B2627B38400B5B52E /* NavigationBarBlackWithButton.swift */; };
		251E32E7274B22B100308A18 /* FeatureWalkthroughViewModel.swift in Sources */ = {isa = PBXBuildFile; fileRef = 25570522262FA34D00635121 /* FeatureWalkthroughViewModel.swift */; };
		251E32E8274B22C900308A18 /* NavigationBarAccessor.swift in Sources */ = {isa = PBXBuildFile; fileRef = 2574715A261EB40B00B8C0C7 /* NavigationBarAccessor.swift */; };
		251E32E9274B22FD00308A18 /* Color+Extensions.swift in Sources */ = {isa = PBXBuildFile; fileRef = 2576572A261D4CBF003F3D26 /* Color+Extensions.swift */; };
		251E32EA274B230E00308A18 /* PreDefinedScreenModel.swift in Sources */ = {isa = PBXBuildFile; fileRef = 256EB778261C206A00B959EF /* PreDefinedScreenModel.swift */; };
		251E32EB274B231E00308A18 /* ButtonDefault.swift in Sources */ = {isa = PBXBuildFile; fileRef = 5899226F2613F67A00A58DA3 /* ButtonDefault.swift */; };
		251E32EC274B232600308A18 /* KeyboardModifier.swift in Sources */ = {isa = PBXBuildFile; fileRef = 25D1D72126DF5E7B0045D579 /* KeyboardModifier.swift */; };
		251E32ED274B232D00308A18 /* DescriptionItem.swift in Sources */ = {isa = PBXBuildFile; fileRef = 254D4C8A2717EA5A003E27C9 /* DescriptionItem.swift */; };
		251E32EE274B233F00308A18 /* NavigationBarModifier.swift in Sources */ = {isa = PBXBuildFile; fileRef = 2574714F261E7EB100B8C0C7 /* NavigationBarModifier.swift */; };
		251E32EF274B234D00308A18 /* Font+Extensions.swift in Sources */ = {isa = PBXBuildFile; fileRef = 5899226A2613F63800A58DA3 /* Font+Extensions.swift */; };
		251E32F0274B235800308A18 /* NetworkService.swift in Sources */ = {isa = PBXBuildFile; fileRef = 25A5629B269FBC78003E64B0 /* NetworkService.swift */; };
		251E32F1274B238200308A18 /* DetailTextView.swift in Sources */ = {isa = PBXBuildFile; fileRef = 25C7097F26E9D4F30006C18C /* DetailTextView.swift */; };
		251E32F2274B24D800308A18 /* DetailTextFieldView.swift in Sources */ = {isa = PBXBuildFile; fileRef = 252842CF263BB82E0010114A /* DetailTextFieldView.swift */; };
		251E32F7274B457900308A18 /* PreDefined1View.swift in Sources */ = {isa = PBXBuildFile; fileRef = 251E32F6274B457800308A18 /* PreDefined1View.swift */; };
		251E32F9274B58C600308A18 /* lato_regular.ttf in Resources */ = {isa = PBXBuildFile; fileRef = 251E32F8274B58C600308A18 /* lato_regular.ttf */; };
		251E32FB274B58D300308A18 /* lato_bold.ttf in Resources */ = {isa = PBXBuildFile; fileRef = 251E32FA274B58D300308A18 /* lato_bold.ttf */; };
		251E32FD274C9A3900308A18 /* Random.swift in Sources */ = {isa = PBXBuildFile; fileRef = 251E32FC274C9A3900308A18 /* Random.swift */; };
		251E32FF274C9AEE00308A18 /* PreDefinedViewModel.swift in Sources */ = {isa = PBXBuildFile; fileRef = 251E32FE274C9AEE00308A18 /* PreDefinedViewModel.swift */; };
		251E3300274CA89D00308A18 /* Random.swift in Sources */ = {isa = PBXBuildFile; fileRef = 251E32FC274C9A3900308A18 /* Random.swift */; };
		251E3302274DCE2900308A18 /* PreDefined2View.swift in Sources */ = {isa = PBXBuildFile; fileRef = 251E3301274DCE2800308A18 /* PreDefined2View.swift */; };
		251E330A274F0A8600308A18 /* PreDefinedScreen1Model.swift in Sources */ = {isa = PBXBuildFile; fileRef = 251E3309274F0A8600308A18 /* PreDefinedScreen1Model.swift */; };
		251E330C274F0A9600308A18 /* PreDefinedScreen2Model.swift in Sources */ = {isa = PBXBuildFile; fileRef = 251E330B274F0A9600308A18 /* PreDefinedScreen2Model.swift */; };
		251E330E274F0AA400308A18 /* PreDefinedScreen3Model.swift in Sources */ = {isa = PBXBuildFile; fileRef = 251E330D274F0AA400308A18 /* PreDefinedScreen3Model.swift */; };
		251E330F274F0D5300308A18 /* PreDefinedScreen1Model.swift in Sources */ = {isa = PBXBuildFile; fileRef = 251E3309274F0A8600308A18 /* PreDefinedScreen1Model.swift */; };
		251E3310274F0D5500308A18 /* PreDefinedScreen2Model.swift in Sources */ = {isa = PBXBuildFile; fileRef = 251E330B274F0A9600308A18 /* PreDefinedScreen2Model.swift */; };
		251E3311274F0D5B00308A18 /* PreDefinedScreen3Model.swift in Sources */ = {isa = PBXBuildFile; fileRef = 251E330D274F0AA400308A18 /* PreDefinedScreen3Model.swift */; };
		251E3317274F297E00308A18 /* PreDefined3View.swift in Sources */ = {isa = PBXBuildFile; fileRef = 251E3316274F297E00308A18 /* PreDefined3View.swift */; };
		251E3319274F516C00308A18 /* lato-boldItalic.ttf in Resources */ = {isa = PBXBuildFile; fileRef = 251E3318274F516C00308A18 /* lato-boldItalic.ttf */; };
		2524C9B326955CDC0091E01A /* CustomerDetailsModel.swift in Sources */ = {isa = PBXBuildFile; fileRef = 2524C9B226955CDC0091E01A /* CustomerDetailsModel.swift */; };
		2524C9E62697C23F0091E01A /* Binding+Extensions.swift in Sources */ = {isa = PBXBuildFile; fileRef = 2524C9E52697C23E0091E01A /* Binding+Extensions.swift */; };
		2524C9EE2697D4BD0091E01A /* DetailPickerView.swift in Sources */ = {isa = PBXBuildFile; fileRef = 2524C9ED2697D4BD0091E01A /* DetailPickerView.swift */; };
		252842D0263BB82E0010114A /* DetailTextFieldView.swift in Sources */ = {isa = PBXBuildFile; fileRef = 252842CF263BB82E0010114A /* DetailTextFieldView.swift */; };
		252842D2263BB9300010114A /* AccountDetailsViewModel.swift in Sources */ = {isa = PBXBuildFile; fileRef = 252842D1263BB9300010114A /* AccountDetailsViewModel.swift */; };
		2542B4AA2794F2F800863F83 /* NavigationBarWhite.swift in Sources */ = {isa = PBXBuildFile; fileRef = 2542B4A92794F2F800863F83 /* NavigationBarWhite.swift */; };
		2542B4AD2794F91300863F83 /* Archivo-Regular.ttf in Resources */ = {isa = PBXBuildFile; fileRef = 2542B4AB2794F91200863F83 /* Archivo-Regular.ttf */; };
		2542B4AE2794F91300863F83 /* Archivo-SemiBold.ttf in Resources */ = {isa = PBXBuildFile; fileRef = 2542B4AC2794F91300863F83 /* Archivo-SemiBold.ttf */; };
		254D4C8B2717EA5A003E27C9 /* DescriptionItem.swift in Sources */ = {isa = PBXBuildFile; fileRef = 254D4C8A2717EA5A003E27C9 /* DescriptionItem.swift */; };
		25570523262FA34D00635121 /* FeatureWalkthroughViewModel.swift in Sources */ = {isa = PBXBuildFile; fileRef = 25570522262FA34D00635121 /* FeatureWalkthroughViewModel.swift */; };
		25583904261FE5D600AF7FAE /* DemoItemView.swift in Sources */ = {isa = PBXBuildFile; fileRef = 25583903261FE5D600AF7FAE /* DemoItemView.swift */; };
		255839092620072700AF7FAE /* String+Extension.swift in Sources */ = {isa = PBXBuildFile; fileRef = 255839082620072700AF7FAE /* String+Extension.swift */; };
		255D7AC326290F5F0041D81C /* DemoItemSummaryViewModel.swift in Sources */ = {isa = PBXBuildFile; fileRef = 255D7AC226290F5F0041D81C /* DemoItemSummaryViewModel.swift */; };
		255D7ACB262959CE0041D81C /* ScreenModel.swift in Sources */ = {isa = PBXBuildFile; fileRef = 255D7ACA262959CE0041D81C /* ScreenModel.swift */; };
		25628DE8269FFBCA00B12963 /* ActivityIndicatorView.swift in Sources */ = {isa = PBXBuildFile; fileRef = 25628DE7269FFBCA00B12963 /* ActivityIndicatorView.swift */; };
		256A2841262D1D42000CF3D4 /* RoktEmbeddedSwiftUIView.swift in Sources */ = {isa = PBXBuildFile; fileRef = 256A2840262D1D42000CF3D4 /* RoktEmbeddedSwiftUIView.swift */; };
		256A288D262D4904000CF3D4 /* FeatureWalkthroughView.swift in Sources */ = {isa = PBXBuildFile; fileRef = 256A288C262D4904000CF3D4 /* FeatureWalkthroughView.swift */; };
		256C958226A1455400F0961B /* UIState.swift in Sources */ = {isa = PBXBuildFile; fileRef = 256C958126A1455400F0961B /* UIState.swift */; };
		256D417E26FD4D0B008D7879 /* EmailView.swift in Sources */ = {isa = PBXBuildFile; fileRef = 256D417D26FD4D0B008D7879 /* EmailView.swift */; };
		256E3D3E2623DFE000639FE0 /* DemoLibraryViewModel.swift in Sources */ = {isa = PBXBuildFile; fileRef = 256E3D3D2623DFE000639FE0 /* DemoLibraryViewModel.swift */; };
		256E3D502623FB8D00639FE0 /* AboutRoktViewModel.swift in Sources */ = {isa = PBXBuildFile; fileRef = 256E3D4F2623FB8D00639FE0 /* AboutRoktViewModel.swift */; };
		256EB75B261C0EFE00B959EF /* HeaderView.swift in Sources */ = {isa = PBXBuildFile; fileRef = 256EB75A261C0EFE00B959EF /* HeaderView.swift */; };
		256EB760261C0F7F00B959EF /* DemoLibraryView.swift in Sources */ = {isa = PBXBuildFile; fileRef = 256EB75F261C0F7F00B959EF /* DemoLibraryView.swift */; };
		256EB765261C0FD900B959EF /* DemoLibraryModel.swift in Sources */ = {isa = PBXBuildFile; fileRef = 256EB764261C0FD900B959EF /* DemoLibraryModel.swift */; };
		256EB76A261C1ABD00B959EF /* DefaultPlacementExamplesModel.swift in Sources */ = {isa = PBXBuildFile; fileRef = 256EB769261C1ABD00B959EF /* DefaultPlacementExamplesModel.swift */; };
		256EB76F261C1CB700B959EF /* DemoItemModel.swift in Sources */ = {isa = PBXBuildFile; fileRef = 256EB76E261C1CB700B959EF /* DemoItemModel.swift */; };
		256EB774261C1FFB00B959EF /* CustomConfigurationPageModel.swift in Sources */ = {isa = PBXBuildFile; fileRef = 256EB773261C1FFB00B959EF /* CustomConfigurationPageModel.swift */; };
		256EB779261C206A00B959EF /* PreDefinedScreenModel.swift in Sources */ = {isa = PBXBuildFile; fileRef = 256EB778261C206A00B959EF /* PreDefinedScreenModel.swift */; };
		256EB788261C26FA00B959EF /* DemoLibraryService.swift in Sources */ = {isa = PBXBuildFile; fileRef = 256EB787261C26FA00B959EF /* DemoLibraryService.swift */; };
		2570F33C2627B38400B5B52E /* NavigationBarBlackWithButton.swift in Sources */ = {isa = PBXBuildFile; fileRef = 2570F33B2627B38400B5B52E /* NavigationBarBlackWithButton.swift */; };
		25747150261E7EB100B8C0C7 /* NavigationBarModifier.swift in Sources */ = {isa = PBXBuildFile; fileRef = 2574714F261E7EB100B8C0C7 /* NavigationBarModifier.swift */; };
		2574715B261EB40B00B8C0C7 /* NavigationBarAccessor.swift in Sources */ = {isa = PBXBuildFile; fileRef = 2574715A261EB40B00B8C0C7 /* NavigationBarAccessor.swift */; };
		25747164261EB5B200B8C0C7 /* NavigationBarGray.swift in Sources */ = {isa = PBXBuildFile; fileRef = 25747163261EB5B200B8C0C7 /* NavigationBarGray.swift */; };
		2574716C261EB5C300B8C0C7 /* NavigationBarTransparent.swift in Sources */ = {isa = PBXBuildFile; fileRef = 2574716B261EB5C300B8C0C7 /* NavigationBarTransparent.swift */; };
		25747171261EB5D200B8C0C7 /* NavigationBarBlack.swift in Sources */ = {isa = PBXBuildFile; fileRef = 25747170261EB5D200B8C0C7 /* NavigationBarBlack.swift */; };
		257564B7263A6A9E0096889A /* AccountDetailsView.swift in Sources */ = {isa = PBXBuildFile; fileRef = 257564B6263A6A9E0096889A /* AccountDetailsView.swift */; };
		2575CCB72653594E005226C5 /* ValidationService.swift in Sources */ = {isa = PBXBuildFile; fileRef = 2575CCB62653594E005226C5 /* ValidationService.swift */; };
		2575CCBA26536A84005226C5 /* ValidationServiceTests.swift in Sources */ = {isa = PBXBuildFile; fileRef = 2575CCB926536A84005226C5 /* ValidationServiceTests.swift */; };
		2575CCBB26536B34005226C5 /* ValidationService.swift in Sources */ = {isa = PBXBuildFile; fileRef = 2575CCB62653594E005226C5 /* ValidationService.swift */; };
		2575CCBD26538AF8005226C5 /* AccountDetailsModel.swift in Sources */ = {isa = PBXBuildFile; fileRef = 2575CCBC26538AF8005226C5 /* AccountDetailsModel.swift */; };
		2576572B261D4CBF003F3D26 /* Color+Extensions.swift in Sources */ = {isa = PBXBuildFile; fileRef = 2576572A261D4CBF003F3D26 /* Color+Extensions.swift */; };
		25A0266126A5000D0005CFED /* ErrorView.swift in Sources */ = {isa = PBXBuildFile; fileRef = 25A0266026A5000D0005CFED /* ErrorView.swift */; };
		25A0266626A51B860005CFED /* ErrorViewModel.swift in Sources */ = {isa = PBXBuildFile; fileRef = 25A0266526A51B860005CFED /* ErrorViewModel.swift */; };
		25A56246269BB953003E64B0 /* CustomerDetailsModel.swift in Sources */ = {isa = PBXBuildFile; fileRef = 2524C9B226955CDC0091E01A /* CustomerDetailsModel.swift */; };
		25A5624F269BD5D3003E64B0 /* CustomerDetailsViewModelTests.swift in Sources */ = {isa = PBXBuildFile; fileRef = 25A5624E269BD5D3003E64B0 /* CustomerDetailsViewModelTests.swift */; };
		25A56254269BD867003E64B0 /* FeatureWalkthroughViewModelTests.swift in Sources */ = {isa = PBXBuildFile; fileRef = 25A56253269BD867003E64B0 /* FeatureWalkthroughViewModelTests.swift */; };
		25A56259269BE2EC003E64B0 /* ConfirmationView.swift in Sources */ = {isa = PBXBuildFile; fileRef = 25A56258269BE2EC003E64B0 /* ConfirmationView.swift */; };
		25A5625E269BFF69003E64B0 /* ConfirmationViewModel.swift in Sources */ = {isa = PBXBuildFile; fileRef = 25A5625D269BFF69003E64B0 /* ConfirmationViewModel.swift */; };
		25A56262269D551F003E64B0 /* ConfirmationViewModel.swift in Sources */ = {isa = PBXBuildFile; fileRef = 25A5625D269BFF69003E64B0 /* ConfirmationViewModel.swift */; };
		25A5629C269FBC78003E64B0 /* NetworkService.swift in Sources */ = {isa = PBXBuildFile; fileRef = 25A5629B269FBC78003E64B0 /* NetworkService.swift */; };
		25C7098026E9D4F30006C18C /* DetailTextView.swift in Sources */ = {isa = PBXBuildFile; fileRef = 25C7097F26E9D4F30006C18C /* DetailTextView.swift */; };
		25CBB2A82627F51A00D8AB79 /* AlertView.swift in Sources */ = {isa = PBXBuildFile; fileRef = 25CBB2A72627F51A00D8AB79 /* AlertView.swift */; };
		25CBB2AD2628044800D8AB79 /* DemoItemSummaryView.swift in Sources */ = {isa = PBXBuildFile; fileRef = 25CBB2AC2628044800D8AB79 /* DemoItemSummaryView.swift */; };
		25D1D72226DF5E7B0045D579 /* KeyboardModifier.swift in Sources */ = {isa = PBXBuildFile; fileRef = 25D1D72126DF5E7B0045D579 /* KeyboardModifier.swift */; };
		25D7363826E0799000495FFF /* Constants.swift in Sources */ = {isa = PBXBuildFile; fileRef = 589922B92615560800A58DA3 /* Constants.swift */; };
		25D7363F26E0799500495FFF /* Constants.swift in Sources */ = {isa = PBXBuildFile; fileRef = 589922B92615560800A58DA3 /* Constants.swift */; };
		25D9F8D026B904AC008F2BBE /* UIApplication+Extensions.swift in Sources */ = {isa = PBXBuildFile; fileRef = 25D9F8CF26B904AC008F2BBE /* UIApplication+Extensions.swift */; };
		25F84767260C34880067B515 /* AppDelegate.swift in Sources */ = {isa = PBXBuildFile; fileRef = 25F84766260C34880067B515 /* AppDelegate.swift */; };
		25F84769260C34880067B515 /* SceneDelegate.swift in Sources */ = {isa = PBXBuildFile; fileRef = 25F84768260C34880067B515 /* SceneDelegate.swift */; };
		25F8476B260C34880067B515 /* HomePageView.swift in Sources */ = {isa = PBXBuildFile; fileRef = 25F8476A260C34880067B515 /* HomePageView.swift */; };
		25F8476D260C348A0067B515 /* Assets.xcassets in Resources */ = {isa = PBXBuildFile; fileRef = 25F8476C260C348A0067B515 /* Assets.xcassets */; };
		25F84770260C348A0067B515 /* Preview Assets.xcassets in Resources */ = {isa = PBXBuildFile; fileRef = 25F8476F260C348A0067B515 /* Preview Assets.xcassets */; };
		25F84773260C348A0067B515 /* LaunchScreen.storyboard in Resources */ = {isa = PBXBuildFile; fileRef = 25F84771260C348A0067B515 /* LaunchScreen.storyboard */; };
		25F8477E260C348A0067B515 /* RoktDemoTests.swift in Sources */ = {isa = PBXBuildFile; fileRef = 25F8477D260C348A0067B515 /* RoktDemoTests.swift */; };
		25F84789260C348A0067B515 /* RoktDemoUITests.swift in Sources */ = {isa = PBXBuildFile; fileRef = 25F84788260C348A0067B515 /* RoktDemoUITests.swift */; };
		5899226B2613F63800A58DA3 /* Font+Extensions.swift in Sources */ = {isa = PBXBuildFile; fileRef = 5899226A2613F63800A58DA3 /* Font+Extensions.swift */; };
		589922702613F67A00A58DA3 /* ButtonDefault.swift in Sources */ = {isa = PBXBuildFile; fileRef = 5899226F2613F67A00A58DA3 /* ButtonDefault.swift */; };
		589922792613F75800A58DA3 /* ButtonDefaultOutlined.swift in Sources */ = {isa = PBXBuildFile; fileRef = 589922782613F75800A58DA3 /* ButtonDefaultOutlined.swift */; };
		5899228426141EF900A58DA3 /* AboutRoktView.swift in Sources */ = {isa = PBXBuildFile; fileRef = 5899228326141EF900A58DA3 /* AboutRoktView.swift */; };
		5899228A26141F3500A58DA3 /* AboutRoktModel.swift in Sources */ = {isa = PBXBuildFile; fileRef = 5899228926141F3500A58DA3 /* AboutRoktModel.swift */; };
		5899229226141F9100A58DA3 /* AboutRoktContentModel.swift in Sources */ = {isa = PBXBuildFile; fileRef = 5899229126141F9100A58DA3 /* AboutRoktContentModel.swift */; };
		5899229D2614214500A58DA3 /* AboutRoktService.swift in Sources */ = {isa = PBXBuildFile; fileRef = 5899229C2614214500A58DA3 /* AboutRoktService.swift */; };
		589922B226154BA500A58DA3 /* AboutRoktContentView.swift in Sources */ = {isa = PBXBuildFile; fileRef = 589922B126154BA500A58DA3 /* AboutRoktContentView.swift */; };
		589922BA2615560800A58DA3 /* Constants.swift in Sources */ = {isa = PBXBuildFile; fileRef = 589922B92615560800A58DA3 /* Constants.swift */; };
		589922C72615683700A58DA3 /* balto-bold.otf in Resources */ = {isa = PBXBuildFile; fileRef = 589922C62615683700A58DA3 /* balto-bold.otf */; };
		58A97A6F2654CF850092B598 /* AccountDetailsViewModelTests.swift in Sources */ = {isa = PBXBuildFile; fileRef = 58A97A6E2654CF850092B598 /* AccountDetailsViewModelTests.swift */; };
		58A97A712654D2F20092B598 /* AccountDetailsViewModel.swift in Sources */ = {isa = PBXBuildFile; fileRef = 252842D1263BB9300010114A /* AccountDetailsViewModel.swift */; };
		58A97A722654D3F10092B598 /* CustomConfigurationPageModel.swift in Sources */ = {isa = PBXBuildFile; fileRef = 256EB773261C1FFB00B959EF /* CustomConfigurationPageModel.swift */; };
		58A97A732654D3FC0092B598 /* AccountDetailsModel.swift in Sources */ = {isa = PBXBuildFile; fileRef = 2575CCBC26538AF8005226C5 /* AccountDetailsModel.swift */; };
		58A97A742654DCB00092B598 /* DemoItemModel.swift in Sources */ = {isa = PBXBuildFile; fileRef = 256EB76E261C1CB700B959EF /* DemoItemModel.swift */; };
		58A97A752654DD4E0092B598 /* DefaultPlacementExamplesModel.swift in Sources */ = {isa = PBXBuildFile; fileRef = 256EB769261C1ABD00B959EF /* DefaultPlacementExamplesModel.swift */; };
		58A97A762654DD550092B598 /* ScreenModel.swift in Sources */ = {isa = PBXBuildFile; fileRef = 255D7ACA262959CE0041D81C /* ScreenModel.swift */; };
		58CF380E2664A72C00DCE317 /* CustomerDetailsView.swift in Sources */ = {isa = PBXBuildFile; fileRef = 58CF380D2664A72C00DCE317 /* CustomerDetailsView.swift */; };
		58CF38102664C0AC00DCE317 /* CustomerDetailsViewModel.swift in Sources */ = {isa = PBXBuildFile; fileRef = 58CF380F2664C0AC00DCE317 /* CustomerDetailsViewModel.swift */; };
		BFCA57A85CEE28403D7DF401 /* Pods_RoktDemo.framework in Frameworks */ = {isa = PBXBuildFile; fileRef = 0DE974B034F3C7571B768313 /* Pods_RoktDemo.framework */; };
		D0278BA40AF56DCABD8225D5 /* Pods_RoktDemoTests.framework in Frameworks */ = {isa = PBXBuildFile; fileRef = EBFCAA7AAD4B4D7AFBEC52D8 /* Pods_RoktDemoTests.framework */; };
		F37A2F900514084021619640 /* Pods_RoktDemo_RoktDemoUITests.framework in Frameworks */ = {isa = PBXBuildFile; fileRef = 200C235C88BA011E0FAF5115 /* Pods_RoktDemo_RoktDemoUITests.framework */; };
/* End PBXBuildFile section */

/* Begin PBXContainerItemProxy section */
		25F8477A260C348A0067B515 /* PBXContainerItemProxy */ = {
			isa = PBXContainerItemProxy;
			containerPortal = 25F8475B260C34880067B515 /* Project object */;
			proxyType = 1;
			remoteGlobalIDString = 25F84762260C34880067B515;
			remoteInfo = RoktDemo;
		};
		25F84785260C348A0067B515 /* PBXContainerItemProxy */ = {
			isa = PBXContainerItemProxy;
			containerPortal = 25F8475B260C34880067B515 /* Project object */;
			proxyType = 1;
			remoteGlobalIDString = 25F84762260C34880067B515;
			remoteInfo = RoktDemo;
		};
/* End PBXContainerItemProxy section */

/* Begin PBXFileReference section */
		015259D9C01CE22B4D7A8B0D /* Pods-RoktDemoTests.release.xcconfig */ = {isa = PBXFileReference; includeInIndex = 1; lastKnownFileType = text.xcconfig; name = "Pods-RoktDemoTests.release.xcconfig"; path = "Target Support Files/Pods-RoktDemoTests/Pods-RoktDemoTests.release.xcconfig"; sourceTree = "<group>"; };
		0DE974B034F3C7571B768313 /* Pods_RoktDemo.framework */ = {isa = PBXFileReference; explicitFileType = wrapper.framework; includeInIndex = 0; path = Pods_RoktDemo.framework; sourceTree = BUILT_PRODUCTS_DIR; };
		200C235C88BA011E0FAF5115 /* Pods_RoktDemo_RoktDemoUITests.framework */ = {isa = PBXFileReference; explicitFileType = wrapper.framework; includeInIndex = 0; path = Pods_RoktDemo_RoktDemoUITests.framework; sourceTree = BUILT_PRODUCTS_DIR; };
		251E32F6274B457800308A18 /* PreDefined1View.swift */ = {isa = PBXFileReference; lastKnownFileType = sourcecode.swift; path = PreDefined1View.swift; sourceTree = "<group>"; };
		251E32F8274B58C600308A18 /* lato_regular.ttf */ = {isa = PBXFileReference; lastKnownFileType = file; path = lato_regular.ttf; sourceTree = "<group>"; };
		251E32FA274B58D300308A18 /* lato_bold.ttf */ = {isa = PBXFileReference; lastKnownFileType = file; path = lato_bold.ttf; sourceTree = "<group>"; };
		251E32FC274C9A3900308A18 /* Random.swift */ = {isa = PBXFileReference; lastKnownFileType = sourcecode.swift; path = Random.swift; sourceTree = "<group>"; };
		251E32FE274C9AEE00308A18 /* PreDefinedViewModel.swift */ = {isa = PBXFileReference; lastKnownFileType = sourcecode.swift; path = PreDefinedViewModel.swift; sourceTree = "<group>"; };
		251E3301274DCE2800308A18 /* PreDefined2View.swift */ = {isa = PBXFileReference; lastKnownFileType = sourcecode.swift; path = PreDefined2View.swift; sourceTree = "<group>"; };
		251E3309274F0A8600308A18 /* PreDefinedScreen1Model.swift */ = {isa = PBXFileReference; lastKnownFileType = sourcecode.swift; path = PreDefinedScreen1Model.swift; sourceTree = "<group>"; };
		251E330B274F0A9600308A18 /* PreDefinedScreen2Model.swift */ = {isa = PBXFileReference; lastKnownFileType = sourcecode.swift; path = PreDefinedScreen2Model.swift; sourceTree = "<group>"; };
		251E330D274F0AA400308A18 /* PreDefinedScreen3Model.swift */ = {isa = PBXFileReference; lastKnownFileType = sourcecode.swift; path = PreDefinedScreen3Model.swift; sourceTree = "<group>"; };
		251E3316274F297E00308A18 /* PreDefined3View.swift */ = {isa = PBXFileReference; lastKnownFileType = sourcecode.swift; path = PreDefined3View.swift; sourceTree = "<group>"; };
		251E3318274F516C00308A18 /* lato-boldItalic.ttf */ = {isa = PBXFileReference; lastKnownFileType = file; path = "lato-boldItalic.ttf"; sourceTree = "<group>"; };
		2524C9B226955CDC0091E01A /* CustomerDetailsModel.swift */ = {isa = PBXFileReference; lastKnownFileType = sourcecode.swift; path = CustomerDetailsModel.swift; sourceTree = "<group>"; };
		2524C9E52697C23E0091E01A /* Binding+Extensions.swift */ = {isa = PBXFileReference; lastKnownFileType = sourcecode.swift; path = "Binding+Extensions.swift"; sourceTree = "<group>"; };
		2524C9ED2697D4BD0091E01A /* DetailPickerView.swift */ = {isa = PBXFileReference; lastKnownFileType = sourcecode.swift; path = DetailPickerView.swift; sourceTree = "<group>"; };
		252842CF263BB82E0010114A /* DetailTextFieldView.swift */ = {isa = PBXFileReference; lastKnownFileType = sourcecode.swift; path = DetailTextFieldView.swift; sourceTree = "<group>"; };
		252842D1263BB9300010114A /* AccountDetailsViewModel.swift */ = {isa = PBXFileReference; lastKnownFileType = sourcecode.swift; path = AccountDetailsViewModel.swift; sourceTree = "<group>"; };
		2542B4A92794F2F800863F83 /* NavigationBarWhite.swift */ = {isa = PBXFileReference; lastKnownFileType = sourcecode.swift; path = NavigationBarWhite.swift; sourceTree = "<group>"; };
		2542B4AB2794F91200863F83 /* Archivo-Regular.ttf */ = {isa = PBXFileReference; lastKnownFileType = file; path = "Archivo-Regular.ttf"; sourceTree = "<group>"; };
		2542B4AC2794F91300863F83 /* Archivo-SemiBold.ttf */ = {isa = PBXFileReference; lastKnownFileType = file; path = "Archivo-SemiBold.ttf"; sourceTree = "<group>"; };
		254D4C8A2717EA5A003E27C9 /* DescriptionItem.swift */ = {isa = PBXFileReference; lastKnownFileType = sourcecode.swift; path = DescriptionItem.swift; sourceTree = "<group>"; };
		25570522262FA34D00635121 /* FeatureWalkthroughViewModel.swift */ = {isa = PBXFileReference; lastKnownFileType = sourcecode.swift; path = FeatureWalkthroughViewModel.swift; sourceTree = "<group>"; };
		25583903261FE5D600AF7FAE /* DemoItemView.swift */ = {isa = PBXFileReference; lastKnownFileType = sourcecode.swift; path = DemoItemView.swift; sourceTree = "<group>"; };
		255839082620072700AF7FAE /* String+Extension.swift */ = {isa = PBXFileReference; lastKnownFileType = sourcecode.swift; path = "String+Extension.swift"; sourceTree = "<group>"; };
		255D7AC226290F5F0041D81C /* DemoItemSummaryViewModel.swift */ = {isa = PBXFileReference; lastKnownFileType = sourcecode.swift; path = DemoItemSummaryViewModel.swift; sourceTree = "<group>"; };
		255D7ACA262959CE0041D81C /* ScreenModel.swift */ = {isa = PBXFileReference; lastKnownFileType = sourcecode.swift; path = ScreenModel.swift; sourceTree = "<group>"; };
		25628DE7269FFBCA00B12963 /* ActivityIndicatorView.swift */ = {isa = PBXFileReference; lastKnownFileType = sourcecode.swift; path = ActivityIndicatorView.swift; sourceTree = "<group>"; };
		256A2840262D1D42000CF3D4 /* RoktEmbeddedSwiftUIView.swift */ = {isa = PBXFileReference; lastKnownFileType = sourcecode.swift; path = RoktEmbeddedSwiftUIView.swift; sourceTree = "<group>"; };
		256A288C262D4904000CF3D4 /* FeatureWalkthroughView.swift */ = {isa = PBXFileReference; lastKnownFileType = sourcecode.swift; path = FeatureWalkthroughView.swift; sourceTree = "<group>"; };
		256C958126A1455400F0961B /* UIState.swift */ = {isa = PBXFileReference; lastKnownFileType = sourcecode.swift; path = UIState.swift; sourceTree = "<group>"; };
		256D417D26FD4D0B008D7879 /* EmailView.swift */ = {isa = PBXFileReference; lastKnownFileType = sourcecode.swift; path = EmailView.swift; sourceTree = "<group>"; };
		256E3D3D2623DFE000639FE0 /* DemoLibraryViewModel.swift */ = {isa = PBXFileReference; lastKnownFileType = sourcecode.swift; path = DemoLibraryViewModel.swift; sourceTree = "<group>"; };
		256E3D4F2623FB8D00639FE0 /* AboutRoktViewModel.swift */ = {isa = PBXFileReference; lastKnownFileType = sourcecode.swift; path = AboutRoktViewModel.swift; sourceTree = "<group>"; };
		256EB75A261C0EFE00B959EF /* HeaderView.swift */ = {isa = PBXFileReference; lastKnownFileType = sourcecode.swift; path = HeaderView.swift; sourceTree = "<group>"; };
		256EB75F261C0F7F00B959EF /* DemoLibraryView.swift */ = {isa = PBXFileReference; lastKnownFileType = sourcecode.swift; path = DemoLibraryView.swift; sourceTree = "<group>"; };
		256EB764261C0FD900B959EF /* DemoLibraryModel.swift */ = {isa = PBXFileReference; lastKnownFileType = sourcecode.swift; path = DemoLibraryModel.swift; sourceTree = "<group>"; };
		256EB769261C1ABD00B959EF /* DefaultPlacementExamplesModel.swift */ = {isa = PBXFileReference; lastKnownFileType = sourcecode.swift; path = DefaultPlacementExamplesModel.swift; sourceTree = "<group>"; };
		256EB76E261C1CB700B959EF /* DemoItemModel.swift */ = {isa = PBXFileReference; lastKnownFileType = sourcecode.swift; path = DemoItemModel.swift; sourceTree = "<group>"; };
		256EB773261C1FFB00B959EF /* CustomConfigurationPageModel.swift */ = {isa = PBXFileReference; lastKnownFileType = sourcecode.swift; path = CustomConfigurationPageModel.swift; sourceTree = "<group>"; };
		256EB778261C206A00B959EF /* PreDefinedScreenModel.swift */ = {isa = PBXFileReference; lastKnownFileType = sourcecode.swift; path = PreDefinedScreenModel.swift; sourceTree = "<group>"; };
		256EB787261C26FA00B959EF /* DemoLibraryService.swift */ = {isa = PBXFileReference; lastKnownFileType = sourcecode.swift; path = DemoLibraryService.swift; sourceTree = "<group>"; };
		2570F33B2627B38400B5B52E /* NavigationBarBlackWithButton.swift */ = {isa = PBXFileReference; lastKnownFileType = sourcecode.swift; path = NavigationBarBlackWithButton.swift; sourceTree = "<group>"; };
		2574714F261E7EB100B8C0C7 /* NavigationBarModifier.swift */ = {isa = PBXFileReference; lastKnownFileType = sourcecode.swift; path = NavigationBarModifier.swift; sourceTree = "<group>"; };
		2574715A261EB40B00B8C0C7 /* NavigationBarAccessor.swift */ = {isa = PBXFileReference; lastKnownFileType = sourcecode.swift; path = NavigationBarAccessor.swift; sourceTree = "<group>"; };
		25747163261EB5B200B8C0C7 /* NavigationBarGray.swift */ = {isa = PBXFileReference; lastKnownFileType = sourcecode.swift; path = NavigationBarGray.swift; sourceTree = "<group>"; };
		2574716B261EB5C300B8C0C7 /* NavigationBarTransparent.swift */ = {isa = PBXFileReference; lastKnownFileType = sourcecode.swift; path = NavigationBarTransparent.swift; sourceTree = "<group>"; };
		25747170261EB5D200B8C0C7 /* NavigationBarBlack.swift */ = {isa = PBXFileReference; lastKnownFileType = sourcecode.swift; path = NavigationBarBlack.swift; sourceTree = "<group>"; };
		257564B6263A6A9E0096889A /* AccountDetailsView.swift */ = {isa = PBXFileReference; lastKnownFileType = sourcecode.swift; path = AccountDetailsView.swift; sourceTree = "<group>"; };
		2575CCB62653594E005226C5 /* ValidationService.swift */ = {isa = PBXFileReference; lastKnownFileType = sourcecode.swift; path = ValidationService.swift; sourceTree = "<group>"; };
		2575CCB926536A84005226C5 /* ValidationServiceTests.swift */ = {isa = PBXFileReference; lastKnownFileType = sourcecode.swift; path = ValidationServiceTests.swift; sourceTree = "<group>"; };
		2575CCBC26538AF8005226C5 /* AccountDetailsModel.swift */ = {isa = PBXFileReference; lastKnownFileType = sourcecode.swift; path = AccountDetailsModel.swift; sourceTree = "<group>"; };
		2576572A261D4CBF003F3D26 /* Color+Extensions.swift */ = {isa = PBXFileReference; lastKnownFileType = sourcecode.swift; path = "Color+Extensions.swift"; sourceTree = "<group>"; };
		25A0266026A5000D0005CFED /* ErrorView.swift */ = {isa = PBXFileReference; lastKnownFileType = sourcecode.swift; path = ErrorView.swift; sourceTree = "<group>"; };
		25A0266526A51B860005CFED /* ErrorViewModel.swift */ = {isa = PBXFileReference; lastKnownFileType = sourcecode.swift; path = ErrorViewModel.swift; sourceTree = "<group>"; };
		25A5624E269BD5D3003E64B0 /* CustomerDetailsViewModelTests.swift */ = {isa = PBXFileReference; lastKnownFileType = sourcecode.swift; path = CustomerDetailsViewModelTests.swift; sourceTree = "<group>"; };
		25A56253269BD867003E64B0 /* FeatureWalkthroughViewModelTests.swift */ = {isa = PBXFileReference; lastKnownFileType = sourcecode.swift; path = FeatureWalkthroughViewModelTests.swift; sourceTree = "<group>"; };
		25A56258269BE2EC003E64B0 /* ConfirmationView.swift */ = {isa = PBXFileReference; lastKnownFileType = sourcecode.swift; path = ConfirmationView.swift; sourceTree = "<group>"; };
		25A5625D269BFF69003E64B0 /* ConfirmationViewModel.swift */ = {isa = PBXFileReference; lastKnownFileType = sourcecode.swift; path = ConfirmationViewModel.swift; sourceTree = "<group>"; };
		25A5629B269FBC78003E64B0 /* NetworkService.swift */ = {isa = PBXFileReference; lastKnownFileType = sourcecode.swift; path = NetworkService.swift; sourceTree = "<group>"; };
		25C7097F26E9D4F30006C18C /* DetailTextView.swift */ = {isa = PBXFileReference; lastKnownFileType = sourcecode.swift; path = DetailTextView.swift; sourceTree = "<group>"; };
		25CBB2A72627F51A00D8AB79 /* AlertView.swift */ = {isa = PBXFileReference; lastKnownFileType = sourcecode.swift; path = AlertView.swift; sourceTree = "<group>"; };
		25CBB2AC2628044800D8AB79 /* DemoItemSummaryView.swift */ = {isa = PBXFileReference; lastKnownFileType = sourcecode.swift; path = DemoItemSummaryView.swift; sourceTree = "<group>"; };
		25D1D72126DF5E7B0045D579 /* KeyboardModifier.swift */ = {isa = PBXFileReference; lastKnownFileType = sourcecode.swift; path = KeyboardModifier.swift; sourceTree = "<group>"; };
		25D9F8CF26B904AC008F2BBE /* UIApplication+Extensions.swift */ = {isa = PBXFileReference; lastKnownFileType = sourcecode.swift; path = "UIApplication+Extensions.swift"; sourceTree = "<group>"; };
		25F84763260C34880067B515 /* RoktDemo.app */ = {isa = PBXFileReference; explicitFileType = wrapper.application; includeInIndex = 0; path = RoktDemo.app; sourceTree = BUILT_PRODUCTS_DIR; };
		25F84766260C34880067B515 /* AppDelegate.swift */ = {isa = PBXFileReference; lastKnownFileType = sourcecode.swift; path = AppDelegate.swift; sourceTree = "<group>"; };
		25F84768260C34880067B515 /* SceneDelegate.swift */ = {isa = PBXFileReference; lastKnownFileType = sourcecode.swift; path = SceneDelegate.swift; sourceTree = "<group>"; };
		25F8476A260C34880067B515 /* HomePageView.swift */ = {isa = PBXFileReference; lastKnownFileType = sourcecode.swift; path = HomePageView.swift; sourceTree = "<group>"; };
		25F8476C260C348A0067B515 /* Assets.xcassets */ = {isa = PBXFileReference; lastKnownFileType = folder.assetcatalog; path = Assets.xcassets; sourceTree = "<group>"; };
		25F8476F260C348A0067B515 /* Preview Assets.xcassets */ = {isa = PBXFileReference; lastKnownFileType = folder.assetcatalog; path = "Preview Assets.xcassets"; sourceTree = "<group>"; };
		25F84772260C348A0067B515 /* Base */ = {isa = PBXFileReference; lastKnownFileType = file.storyboard; name = Base; path = Base.lproj/LaunchScreen.storyboard; sourceTree = "<group>"; };
		25F84774260C348A0067B515 /* Info.plist */ = {isa = PBXFileReference; lastKnownFileType = text.plist.xml; path = Info.plist; sourceTree = "<group>"; };
		25F84779260C348A0067B515 /* RoktDemoTests.xctest */ = {isa = PBXFileReference; explicitFileType = wrapper.cfbundle; includeInIndex = 0; path = RoktDemoTests.xctest; sourceTree = BUILT_PRODUCTS_DIR; };
		25F8477D260C348A0067B515 /* RoktDemoTests.swift */ = {isa = PBXFileReference; lastKnownFileType = sourcecode.swift; path = RoktDemoTests.swift; sourceTree = "<group>"; };
		25F8477F260C348A0067B515 /* Info.plist */ = {isa = PBXFileReference; lastKnownFileType = text.plist.xml; path = Info.plist; sourceTree = "<group>"; };
		25F84784260C348A0067B515 /* RoktDemoUITests.xctest */ = {isa = PBXFileReference; explicitFileType = wrapper.cfbundle; includeInIndex = 0; path = RoktDemoUITests.xctest; sourceTree = BUILT_PRODUCTS_DIR; };
		25F84788260C348A0067B515 /* RoktDemoUITests.swift */ = {isa = PBXFileReference; lastKnownFileType = sourcecode.swift; path = RoktDemoUITests.swift; sourceTree = "<group>"; };
		25F8478A260C348A0067B515 /* Info.plist */ = {isa = PBXFileReference; lastKnownFileType = text.plist.xml; path = Info.plist; sourceTree = "<group>"; };
		5899226A2613F63800A58DA3 /* Font+Extensions.swift */ = {isa = PBXFileReference; lastKnownFileType = sourcecode.swift; path = "Font+Extensions.swift"; sourceTree = "<group>"; };
		5899226F2613F67A00A58DA3 /* ButtonDefault.swift */ = {isa = PBXFileReference; lastKnownFileType = sourcecode.swift; path = ButtonDefault.swift; sourceTree = "<group>"; };
		589922782613F75800A58DA3 /* ButtonDefaultOutlined.swift */ = {isa = PBXFileReference; lastKnownFileType = sourcecode.swift; path = ButtonDefaultOutlined.swift; sourceTree = "<group>"; };
		5899228326141EF900A58DA3 /* AboutRoktView.swift */ = {isa = PBXFileReference; lastKnownFileType = sourcecode.swift; path = AboutRoktView.swift; sourceTree = "<group>"; };
		5899228926141F3500A58DA3 /* AboutRoktModel.swift */ = {isa = PBXFileReference; lastKnownFileType = sourcecode.swift; path = AboutRoktModel.swift; sourceTree = "<group>"; };
		5899229126141F9100A58DA3 /* AboutRoktContentModel.swift */ = {isa = PBXFileReference; lastKnownFileType = sourcecode.swift; path = AboutRoktContentModel.swift; sourceTree = "<group>"; };
		5899229C2614214500A58DA3 /* AboutRoktService.swift */ = {isa = PBXFileReference; lastKnownFileType = sourcecode.swift; path = AboutRoktService.swift; sourceTree = "<group>"; };
		589922B126154BA500A58DA3 /* AboutRoktContentView.swift */ = {isa = PBXFileReference; lastKnownFileType = sourcecode.swift; path = AboutRoktContentView.swift; sourceTree = "<group>"; };
		589922B92615560800A58DA3 /* Constants.swift */ = {isa = PBXFileReference; lastKnownFileType = sourcecode.swift; path = Constants.swift; sourceTree = "<group>"; };
		589922C62615683700A58DA3 /* balto-bold.otf */ = {isa = PBXFileReference; lastKnownFileType = file; path = "balto-bold.otf"; sourceTree = "<group>"; };
		58A97A6E2654CF850092B598 /* AccountDetailsViewModelTests.swift */ = {isa = PBXFileReference; lastKnownFileType = sourcecode.swift; path = AccountDetailsViewModelTests.swift; sourceTree = "<group>"; };
		58CF380D2664A72C00DCE317 /* CustomerDetailsView.swift */ = {isa = PBXFileReference; lastKnownFileType = sourcecode.swift; path = CustomerDetailsView.swift; sourceTree = "<group>"; };
		58CF380F2664C0AC00DCE317 /* CustomerDetailsViewModel.swift */ = {isa = PBXFileReference; lastKnownFileType = sourcecode.swift; path = CustomerDetailsViewModel.swift; sourceTree = "<group>"; };
		9A314A81E512DF01D2086A79 /* Pods-RoktDemo-RoktDemoUITests.release.xcconfig */ = {isa = PBXFileReference; includeInIndex = 1; lastKnownFileType = text.xcconfig; name = "Pods-RoktDemo-RoktDemoUITests.release.xcconfig"; path = "Target Support Files/Pods-RoktDemo-RoktDemoUITests/Pods-RoktDemo-RoktDemoUITests.release.xcconfig"; sourceTree = "<group>"; };
		C66C34F497D0D837DAA0D0BF /* Pods-RoktDemoTests.debug.xcconfig */ = {isa = PBXFileReference; includeInIndex = 1; lastKnownFileType = text.xcconfig; name = "Pods-RoktDemoTests.debug.xcconfig"; path = "Target Support Files/Pods-RoktDemoTests/Pods-RoktDemoTests.debug.xcconfig"; sourceTree = "<group>"; };
		E8E2C87F4028BD61078169FF /* Pods-RoktDemo-RoktDemoUITests.debug.xcconfig */ = {isa = PBXFileReference; includeInIndex = 1; lastKnownFileType = text.xcconfig; name = "Pods-RoktDemo-RoktDemoUITests.debug.xcconfig"; path = "Target Support Files/Pods-RoktDemo-RoktDemoUITests/Pods-RoktDemo-RoktDemoUITests.debug.xcconfig"; sourceTree = "<group>"; };
		EBFCAA7AAD4B4D7AFBEC52D8 /* Pods_RoktDemoTests.framework */ = {isa = PBXFileReference; explicitFileType = wrapper.framework; includeInIndex = 0; path = Pods_RoktDemoTests.framework; sourceTree = BUILT_PRODUCTS_DIR; };
		ECEA0B86771F7C75F4B994EC /* Pods-RoktDemo.debug.xcconfig */ = {isa = PBXFileReference; includeInIndex = 1; lastKnownFileType = text.xcconfig; name = "Pods-RoktDemo.debug.xcconfig"; path = "Target Support Files/Pods-RoktDemo/Pods-RoktDemo.debug.xcconfig"; sourceTree = "<group>"; };
		F0AD78464E86D967CC2BA8D7 /* Pods-RoktDemo.release.xcconfig */ = {isa = PBXFileReference; includeInIndex = 1; lastKnownFileType = text.xcconfig; name = "Pods-RoktDemo.release.xcconfig"; path = "Target Support Files/Pods-RoktDemo/Pods-RoktDemo.release.xcconfig"; sourceTree = "<group>"; };
/* End PBXFileReference section */

/* Begin PBXFrameworksBuildPhase section */
		25F84760260C34880067B515 /* Frameworks */ = {
			isa = PBXFrameworksBuildPhase;
			buildActionMask = 2147483647;
			files = (
				BFCA57A85CEE28403D7DF401 /* Pods_RoktDemo.framework in Frameworks */,
			);
			runOnlyForDeploymentPostprocessing = 0;
		};
		25F84776260C348A0067B515 /* Frameworks */ = {
			isa = PBXFrameworksBuildPhase;
			buildActionMask = 2147483647;
			files = (
				D0278BA40AF56DCABD8225D5 /* Pods_RoktDemoTests.framework in Frameworks */,
			);
			runOnlyForDeploymentPostprocessing = 0;
		};
		25F84781260C348A0067B515 /* Frameworks */ = {
			isa = PBXFrameworksBuildPhase;
			buildActionMask = 2147483647;
			files = (
				F37A2F900514084021619640 /* Pods_RoktDemo_RoktDemoUITests.framework in Frameworks */,
			);
			runOnlyForDeploymentPostprocessing = 0;
		};
/* End PBXFrameworksBuildPhase section */

/* Begin PBXGroup section */
		10323298D47D5FF12D5D2570 /* Pods */ = {
			isa = PBXGroup;
			children = (
				ECEA0B86771F7C75F4B994EC /* Pods-RoktDemo.debug.xcconfig */,
				F0AD78464E86D967CC2BA8D7 /* Pods-RoktDemo.release.xcconfig */,
				E8E2C87F4028BD61078169FF /* Pods-RoktDemo-RoktDemoUITests.debug.xcconfig */,
				9A314A81E512DF01D2086A79 /* Pods-RoktDemo-RoktDemoUITests.release.xcconfig */,
				C66C34F497D0D837DAA0D0BF /* Pods-RoktDemoTests.debug.xcconfig */,
				015259D9C01CE22B4D7A8B0D /* Pods-RoktDemoTests.release.xcconfig */,
			);
			path = Pods;
			sourceTree = "<group>";
		};
		251E32D0274B0C3700308A18 /* Common */ = {
			isa = PBXGroup;
			children = (
				251E32DD274B102200308A18 /* Views */,
				589922742613F72E00A58DA3 /* Buttons */,
				589922A72615442C00A58DA3 /* Extensions */,
				25747162261EB53F00B8C0C7 /* NavigationBar */,
				25D1D72126DF5E7B0045D579 /* KeyboardModifier.swift */,
			);
			path = Common;
			sourceTree = "<group>";
		};
		251E32D1274B0C7E00308A18 /* Home */ = {
			isa = PBXGroup;
			children = (
				25F8476A260C34880067B515 /* HomePageView.swift */,
				256D417D26FD4D0B008D7879 /* EmailView.swift */,
			);
			path = Home;
			sourceTree = "<group>";
		};
		251E32D2274B0C9800308A18 /* About */ = {
			isa = PBXGroup;
			children = (
				5899228326141EF900A58DA3 /* AboutRoktView.swift */,
				256E3D4F2623FB8D00639FE0 /* AboutRoktViewModel.swift */,
				589922B126154BA500A58DA3 /* AboutRoktContentView.swift */,
			);
			path = About;
			sourceTree = "<group>";
		};
		251E32D3274B0CC800308A18 /* Demo */ = {
			isa = PBXGroup;
			children = (
				251E32D4274B0CEF00308A18 /* Summary */,
				251E32D5274B0D2200308A18 /* Walkthrough */,
				251E32D6274B0E8B00308A18 /* Custom */,
				251E32F5274B452500308A18 /* Predefined */,
				251E32DC274B0F6700308A18 /* Error */,
				256EB75F261C0F7F00B959EF /* DemoLibraryView.swift */,
				256E3D3D2623DFE000639FE0 /* DemoLibraryViewModel.swift */,
				25583903261FE5D600AF7FAE /* DemoItemView.swift */,
			);
			path = Demo;
			sourceTree = "<group>";
		};
		251E32D4274B0CEF00308A18 /* Summary */ = {
			isa = PBXGroup;
			children = (
				255D7AC226290F5F0041D81C /* DemoItemSummaryViewModel.swift */,
				25CBB2AC2628044800D8AB79 /* DemoItemSummaryView.swift */,
			);
			path = Summary;
			sourceTree = "<group>";
		};
		251E32D5274B0D2200308A18 /* Walkthrough */ = {
			isa = PBXGroup;
			children = (
				256A288C262D4904000CF3D4 /* FeatureWalkthroughView.swift */,
				25570522262FA34D00635121 /* FeatureWalkthroughViewModel.swift */,
			);
			path = Walkthrough;
			sourceTree = "<group>";
		};
		251E32D6274B0E8B00308A18 /* Custom */ = {
			isa = PBXGroup;
			children = (
				251E32D7274B0EC100308A18 /* Account */,
				251E32D8274B0ECB00308A18 /* Customer */,
				251E32D9274B0EDC00308A18 /* Confirmation */,
				251E32DE274B113700308A18 /* Common */,
			);
			path = Custom;
			sourceTree = "<group>";
		};
		251E32D7274B0EC100308A18 /* Account */ = {
			isa = PBXGroup;
			children = (
				257564B6263A6A9E0096889A /* AccountDetailsView.swift */,
				252842D1263BB9300010114A /* AccountDetailsViewModel.swift */,
			);
			path = Account;
			sourceTree = "<group>";
		};
		251E32D8274B0ECB00308A18 /* Customer */ = {
			isa = PBXGroup;
			children = (
				58CF380D2664A72C00DCE317 /* CustomerDetailsView.swift */,
				58CF380F2664C0AC00DCE317 /* CustomerDetailsViewModel.swift */,
			);
			path = Customer;
			sourceTree = "<group>";
		};
		251E32D9274B0EDC00308A18 /* Confirmation */ = {
			isa = PBXGroup;
			children = (
				25A56258269BE2EC003E64B0 /* ConfirmationView.swift */,
				25A5625D269BFF69003E64B0 /* ConfirmationViewModel.swift */,
			);
			path = Confirmation;
			sourceTree = "<group>";
		};
		251E32DC274B0F6700308A18 /* Error */ = {
			isa = PBXGroup;
			children = (
				25A0266026A5000D0005CFED /* ErrorView.swift */,
				25A0266526A51B860005CFED /* ErrorViewModel.swift */,
			);
			path = Error;
			sourceTree = "<group>";
		};
		251E32DD274B102200308A18 /* Views */ = {
			isa = PBXGroup;
			children = (
				25628DE7269FFBCA00B12963 /* ActivityIndicatorView.swift */,
				25CBB2A72627F51A00D8AB79 /* AlertView.swift */,
				25C7097F26E9D4F30006C18C /* DetailTextView.swift */,
				256EB75A261C0EFE00B959EF /* HeaderView.swift */,
				256A2840262D1D42000CF3D4 /* RoktEmbeddedSwiftUIView.swift */,
			);
			path = Views;
			sourceTree = "<group>";
		};
		251E32DE274B113700308A18 /* Common */ = {
			isa = PBXGroup;
			children = (
				252842CF263BB82E0010114A /* DetailTextFieldView.swift */,
				2524C9ED2697D4BD0091E01A /* DetailPickerView.swift */,
			);
			path = Common;
			sourceTree = "<group>";
		};
		251E32DF274B1D8100308A18 /* Templates */ = {
			isa = PBXGroup;
			children = (
				25747163261EB5B200B8C0C7 /* NavigationBarGray.swift */,
				2574716B261EB5C300B8C0C7 /* NavigationBarTransparent.swift */,
				25747170261EB5D200B8C0C7 /* NavigationBarBlack.swift */,
				2570F33B2627B38400B5B52E /* NavigationBarBlackWithButton.swift */,
				2542B4A92794F2F800863F83 /* NavigationBarWhite.swift */,
			);
			path = Templates;
			sourceTree = "<group>";
		};
		251E32F5274B452500308A18 /* Predefined */ = {
			isa = PBXGroup;
			children = (
				251E32F6274B457800308A18 /* PreDefined1View.swift */,
				251E3301274DCE2800308A18 /* PreDefined2View.swift */,
				251E3316274F297E00308A18 /* PreDefined3View.swift */,
				251E32FE274C9AEE00308A18 /* PreDefinedViewModel.swift */,
			);
			path = Predefined;
			sourceTree = "<group>";
		};
		251E3303274F08EE00308A18 /* DemoLibrary */ = {
			isa = PBXGroup;
			children = (
				251E3305274F099800308A18 /* DemoItems */,
				256EB764261C0FD900B959EF /* DemoLibraryModel.swift */,
			);
			path = DemoLibrary;
			sourceTree = "<group>";
		};
		251E3304274F095A00308A18 /* AboutRokt */ = {
			isa = PBXGroup;
			children = (
				5899228926141F3500A58DA3 /* AboutRoktModel.swift */,
				5899229126141F9100A58DA3 /* AboutRoktContentModel.swift */,
			);
			path = AboutRokt;
			sourceTree = "<group>";
		};
		251E3305274F099800308A18 /* DemoItems */ = {
			isa = PBXGroup;
			children = (
				251E3308274F09FA00308A18 /* CustomConfiguration */,
				251E3307274F09E200308A18 /* DefaultPlacement */,
				251E3306274F09B800308A18 /* PreDefinedScreen */,
				256EB76E261C1CB700B959EF /* DemoItemModel.swift */,
			);
			path = DemoItems;
			sourceTree = "<group>";
		};
		251E3306274F09B800308A18 /* PreDefinedScreen */ = {
			isa = PBXGroup;
			children = (
				256EB778261C206A00B959EF /* PreDefinedScreenModel.swift */,
				254D4C8A2717EA5A003E27C9 /* DescriptionItem.swift */,
				251E3309274F0A8600308A18 /* PreDefinedScreen1Model.swift */,
				251E330B274F0A9600308A18 /* PreDefinedScreen2Model.swift */,
				251E330D274F0AA400308A18 /* PreDefinedScreen3Model.swift */,
			);
			path = PreDefinedScreen;
			sourceTree = "<group>";
		};
		251E3307274F09E200308A18 /* DefaultPlacement */ = {
			isa = PBXGroup;
			children = (
				255D7ACA262959CE0041D81C /* ScreenModel.swift */,
				256EB769261C1ABD00B959EF /* DefaultPlacementExamplesModel.swift */,
			);
			path = DefaultPlacement;
			sourceTree = "<group>";
		};
		251E3308274F09FA00308A18 /* CustomConfiguration */ = {
			isa = PBXGroup;
			children = (
				2575CCBC26538AF8005226C5 /* AccountDetailsModel.swift */,
				2524C9B226955CDC0091E01A /* CustomerDetailsModel.swift */,
				256EB773261C1FFB00B959EF /* CustomConfigurationPageModel.swift */,
			);
			path = CustomConfiguration;
			sourceTree = "<group>";
		};
		256C958026A1450F00F0961B /* State */ = {
			isa = PBXGroup;
			children = (
				256C958126A1455400F0961B /* UIState.swift */,
			);
			path = State;
			sourceTree = "<group>";
		};
		25747162261EB53F00B8C0C7 /* NavigationBar */ = {
			isa = PBXGroup;
			children = (
				251E32DF274B1D8100308A18 /* Templates */,
				2574715A261EB40B00B8C0C7 /* NavigationBarAccessor.swift */,
				2574714F261E7EB100B8C0C7 /* NavigationBarModifier.swift */,
			);
			path = NavigationBar;
			sourceTree = "<group>";
		};
		2575CCB826536A61005226C5 /* Service */ = {
			isa = PBXGroup;
			children = (
				2575CCB926536A84005226C5 /* ValidationServiceTests.swift */,
			);
			path = Service;
			sourceTree = "<group>";
		};
		25BA8D85260D94560044EF14 /* Resources */ = {
			isa = PBXGroup;
			children = (
				25F84766260C34880067B515 /* AppDelegate.swift */,
				25F84768260C34880067B515 /* SceneDelegate.swift */,
				25F8476C260C348A0067B515 /* Assets.xcassets */,
				25F84771260C348A0067B515 /* LaunchScreen.storyboard */,
				25BA8D86260D945F0044EF14 /* Fonts */,
			);
			path = Resources;
			sourceTree = "<group>";
		};
		25BA8D86260D945F0044EF14 /* Fonts */ = {
			isa = PBXGroup;
			children = (
				2542B4AB2794F91200863F83 /* Archivo-Regular.ttf */,
				2542B4AC2794F91300863F83 /* Archivo-SemiBold.ttf */,
				251E3318274F516C00308A18 /* lato-boldItalic.ttf */,
				251E32FA274B58D300308A18 /* lato_bold.ttf */,
				251E32F8274B58C600308A18 /* lato_regular.ttf */,
				589922C62615683700A58DA3 /* balto-bold.otf */,
			);
			path = Fonts;
			sourceTree = "<group>";
		};
		25F8475A260C34880067B515 = {
			isa = PBXGroup;
			children = (
				25F84765260C34880067B515 /* RoktDemo */,
				25F8477C260C348A0067B515 /* RoktDemoTests */,
				25F84787260C348A0067B515 /* RoktDemoUITests */,
				25F84764260C34880067B515 /* Products */,
				10323298D47D5FF12D5D2570 /* Pods */,
				38DC5F10E43E6664E009F5A9 /* Frameworks */,
			);
			sourceTree = "<group>";
		};
		25F84764260C34880067B515 /* Products */ = {
			isa = PBXGroup;
			children = (
				25F84763260C34880067B515 /* RoktDemo.app */,
				25F84779260C348A0067B515 /* RoktDemoTests.xctest */,
				25F84784260C348A0067B515 /* RoktDemoUITests.xctest */,
			);
			name = Products;
			sourceTree = "<group>";
		};
		25F84765260C34880067B515 /* RoktDemo */ = {
			isa = PBXGroup;
			children = (
				5899229B261420B500A58DA3 /* Service */,
				5899228826141F2100A58DA3 /* Model */,
				589873FC2612C38F00C904E8 /* Utils */,
				589873F82612BF1100C904E8 /* UI */,
				25BA8D85260D94560044EF14 /* Resources */,
				25F84774260C348A0067B515 /* Info.plist */,
				25F8476E260C348A0067B515 /* Preview Content */,
			);
			path = RoktDemo;
			sourceTree = "<group>";
		};
		25F8476E260C348A0067B515 /* Preview Content */ = {
			isa = PBXGroup;
			children = (
				25F8476F260C348A0067B515 /* Preview Assets.xcassets */,
			);
			path = "Preview Content";
			sourceTree = "<group>";
		};
		25F8477C260C348A0067B515 /* RoktDemoTests */ = {
			isa = PBXGroup;
			children = (
				58A97A6D2654CF5C0092B598 /* ViewModels */,
				2575CCB826536A61005226C5 /* Service */,
				25F8477D260C348A0067B515 /* RoktDemoTests.swift */,
				25F8477F260C348A0067B515 /* Info.plist */,
			);
			path = RoktDemoTests;
			sourceTree = "<group>";
		};
		25F84787260C348A0067B515 /* RoktDemoUITests */ = {
			isa = PBXGroup;
			children = (
				25F84788260C348A0067B515 /* RoktDemoUITests.swift */,
				25F8478A260C348A0067B515 /* Info.plist */,
			);
			path = RoktDemoUITests;
			sourceTree = "<group>";
		};
		38DC5F10E43E6664E009F5A9 /* Frameworks */ = {
			isa = PBXGroup;
			children = (
				0DE974B034F3C7571B768313 /* Pods_RoktDemo.framework */,
				200C235C88BA011E0FAF5115 /* Pods_RoktDemo_RoktDemoUITests.framework */,
				EBFCAA7AAD4B4D7AFBEC52D8 /* Pods_RoktDemoTests.framework */,
			);
			name = Frameworks;
			sourceTree = "<group>";
		};
		589873F82612BF1100C904E8 /* UI */ = {
			isa = PBXGroup;
			children = (
				251E32D1274B0C7E00308A18 /* Home */,
				251E32D3274B0CC800308A18 /* Demo */,
				251E32D2274B0C9800308A18 /* About */,
				251E32D0274B0C3700308A18 /* Common */,
				256C958026A1450F00F0961B /* State */,
			);
			path = UI;
			sourceTree = "<group>";
		};
		589873FC2612C38F00C904E8 /* Utils */ = {
			isa = PBXGroup;
			children = (
				589922B92615560800A58DA3 /* Constants.swift */,
				255839082620072700AF7FAE /* String+Extension.swift */,
				251E32FC274C9A3900308A18 /* Random.swift */,
			);
			path = Utils;
			sourceTree = "<group>";
		};
		589922742613F72E00A58DA3 /* Buttons */ = {
			isa = PBXGroup;
			children = (
				5899226F2613F67A00A58DA3 /* ButtonDefault.swift */,
				589922782613F75800A58DA3 /* ButtonDefaultOutlined.swift */,
			);
			path = Buttons;
			sourceTree = "<group>";
		};
		5899228826141F2100A58DA3 /* Model */ = {
			isa = PBXGroup;
			children = (
				251E3304274F095A00308A18 /* AboutRokt */,
				251E3303274F08EE00308A18 /* DemoLibrary */,
			);
			path = Model;
			sourceTree = "<group>";
		};
		5899229B261420B500A58DA3 /* Service */ = {
			isa = PBXGroup;
			children = (
				5899229C2614214500A58DA3 /* AboutRoktService.swift */,
				256EB787261C26FA00B959EF /* DemoLibraryService.swift */,
				2575CCB62653594E005226C5 /* ValidationService.swift */,
				25A5629B269FBC78003E64B0 /* NetworkService.swift */,
			);
			path = Service;
			sourceTree = "<group>";
		};
		589922A72615442C00A58DA3 /* Extensions */ = {
			isa = PBXGroup;
			children = (
				5899226A2613F63800A58DA3 /* Font+Extensions.swift */,
				2576572A261D4CBF003F3D26 /* Color+Extensions.swift */,
				2524C9E52697C23E0091E01A /* Binding+Extensions.swift */,
				25D9F8CF26B904AC008F2BBE /* UIApplication+Extensions.swift */,
			);
			path = Extensions;
			sourceTree = "<group>";
		};
		58A97A6D2654CF5C0092B598 /* ViewModels */ = {
			isa = PBXGroup;
			children = (
				58A97A6E2654CF850092B598 /* AccountDetailsViewModelTests.swift */,
				25A5624E269BD5D3003E64B0 /* CustomerDetailsViewModelTests.swift */,
				25A56253269BD867003E64B0 /* FeatureWalkthroughViewModelTests.swift */,
			);
			path = ViewModels;
			sourceTree = "<group>";
		};
/* End PBXGroup section */

/* Begin PBXNativeTarget section */
		25F84762260C34880067B515 /* RoktDemo */ = {
			isa = PBXNativeTarget;
			buildConfigurationList = 25F8478D260C348A0067B515 /* Build configuration list for PBXNativeTarget "RoktDemo" */;
			buildPhases = (
				E4ACE3D9395BC411CA6E5DE1 /* [CP] Check Pods Manifest.lock */,
				25F8475F260C34880067B515 /* Sources */,
				25F84760260C34880067B515 /* Frameworks */,
				25F84761260C34880067B515 /* Resources */,
				6AA5CCEFD3C269B27548DCFD /* [CP] Embed Pods Frameworks */,
				756C157677FBD29E06A67D59 /* [CP] Copy Pods Resources */,
			);
			buildRules = (
			);
			dependencies = (
			);
			name = RoktDemo;
			productName = RoktDemo;
			productReference = 25F84763260C34880067B515 /* RoktDemo.app */;
			productType = "com.apple.product-type.application";
		};
		25F84778260C348A0067B515 /* RoktDemoTests */ = {
			isa = PBXNativeTarget;
			buildConfigurationList = 25F84790260C348A0067B515 /* Build configuration list for PBXNativeTarget "RoktDemoTests" */;
			buildPhases = (
				BD98BE2310982F31FA1C8DFA /* [CP] Check Pods Manifest.lock */,
				25F84775260C348A0067B515 /* Sources */,
				25F84776260C348A0067B515 /* Frameworks */,
				25F84777260C348A0067B515 /* Resources */,
			);
			buildRules = (
			);
			dependencies = (
				25F8477B260C348A0067B515 /* PBXTargetDependency */,
			);
			name = RoktDemoTests;
			productName = RoktDemoTests;
			productReference = 25F84779260C348A0067B515 /* RoktDemoTests.xctest */;
			productType = "com.apple.product-type.bundle.unit-test";
		};
		25F84783260C348A0067B515 /* RoktDemoUITests */ = {
			isa = PBXNativeTarget;
			buildConfigurationList = 25F84793260C348A0067B515 /* Build configuration list for PBXNativeTarget "RoktDemoUITests" */;
			buildPhases = (
				9277D92C7ADCD1BA2BC10630 /* [CP] Check Pods Manifest.lock */,
				25F84780260C348A0067B515 /* Sources */,
				25F84781260C348A0067B515 /* Frameworks */,
				25F84782260C348A0067B515 /* Resources */,
				21C1B29774D39DA533EE0949 /* [CP] Embed Pods Frameworks */,
				6B82A0DFAC1C2E5DF0EBD820 /* [CP] Copy Pods Resources */,
			);
			buildRules = (
			);
			dependencies = (
				25F84786260C348A0067B515 /* PBXTargetDependency */,
			);
			name = RoktDemoUITests;
			productName = RoktDemoUITests;
			productReference = 25F84784260C348A0067B515 /* RoktDemoUITests.xctest */;
			productType = "com.apple.product-type.bundle.ui-testing";
		};
/* End PBXNativeTarget section */

/* Begin PBXProject section */
		25F8475B260C34880067B515 /* Project object */ = {
			isa = PBXProject;
			attributes = {
				LastSwiftUpdateCheck = 1240;
				LastUpgradeCheck = 1240;
				TargetAttributes = {
					25F84762260C34880067B515 = {
						CreatedOnToolsVersion = 12.4;
					};
					25F84778260C348A0067B515 = {
						CreatedOnToolsVersion = 12.4;
						TestTargetID = 25F84762260C34880067B515;
					};
					25F84783260C348A0067B515 = {
						CreatedOnToolsVersion = 12.4;
						TestTargetID = 25F84762260C34880067B515;
					};
				};
			};
			buildConfigurationList = 25F8475E260C34880067B515 /* Build configuration list for PBXProject "RoktDemo" */;
			compatibilityVersion = "Xcode 9.3";
			developmentRegion = en;
			hasScannedForEncodings = 0;
			knownRegions = (
				en,
				Base,
			);
			mainGroup = 25F8475A260C34880067B515;
			productRefGroup = 25F84764260C34880067B515 /* Products */;
			projectDirPath = "";
			projectRoot = "";
			targets = (
				25F84762260C34880067B515 /* RoktDemo */,
				25F84778260C348A0067B515 /* RoktDemoTests */,
				25F84783260C348A0067B515 /* RoktDemoUITests */,
			);
		};
/* End PBXProject section */

/* Begin PBXResourcesBuildPhase section */
		25F84761260C34880067B515 /* Resources */ = {
			isa = PBXResourcesBuildPhase;
			buildActionMask = 2147483647;
			files = (
				251E3319274F516C00308A18 /* lato-boldItalic.ttf in Resources */,
				2542B4AD2794F91300863F83 /* Archivo-Regular.ttf in Resources */,
				25F84773260C348A0067B515 /* LaunchScreen.storyboard in Resources */,
				2542B4AE2794F91300863F83 /* Archivo-SemiBold.ttf in Resources */,
				25F84770260C348A0067B515 /* Preview Assets.xcassets in Resources */,
				589922C72615683700A58DA3 /* balto-bold.otf in Resources */,
				251E32FB274B58D300308A18 /* lato_bold.ttf in Resources */,
				25F8476D260C348A0067B515 /* Assets.xcassets in Resources */,
				251E32F9274B58C600308A18 /* lato_regular.ttf in Resources */,
			);
			runOnlyForDeploymentPostprocessing = 0;
		};
		25F84777260C348A0067B515 /* Resources */ = {
			isa = PBXResourcesBuildPhase;
			buildActionMask = 2147483647;
			files = (
			);
			runOnlyForDeploymentPostprocessing = 0;
		};
		25F84782260C348A0067B515 /* Resources */ = {
			isa = PBXResourcesBuildPhase;
			buildActionMask = 2147483647;
			files = (
			);
			runOnlyForDeploymentPostprocessing = 0;
		};
/* End PBXResourcesBuildPhase section */

/* Begin PBXShellScriptBuildPhase section */
		21C1B29774D39DA533EE0949 /* [CP] Embed Pods Frameworks */ = {
			isa = PBXShellScriptBuildPhase;
			buildActionMask = 2147483647;
			files = (
			);
			inputFileListPaths = (
				"${PODS_ROOT}/Target Support Files/Pods-RoktDemo-RoktDemoUITests/Pods-RoktDemo-RoktDemoUITests-frameworks-${CONFIGURATION}-input-files.xcfilelist",
			);
			name = "[CP] Embed Pods Frameworks";
			outputFileListPaths = (
				"${PODS_ROOT}/Target Support Files/Pods-RoktDemo-RoktDemoUITests/Pods-RoktDemo-RoktDemoUITests-frameworks-${CONFIGURATION}-output-files.xcfilelist",
			);
			runOnlyForDeploymentPostprocessing = 0;
			shellPath = /bin/sh;
			shellScript = "\"${PODS_ROOT}/Target Support Files/Pods-RoktDemo-RoktDemoUITests/Pods-RoktDemo-RoktDemoUITests-frameworks.sh\"\n";
			showEnvVarsInLog = 0;
		};
		6AA5CCEFD3C269B27548DCFD /* [CP] Embed Pods Frameworks */ = {
			isa = PBXShellScriptBuildPhase;
			buildActionMask = 2147483647;
			files = (
			);
			inputFileListPaths = (
				"${PODS_ROOT}/Target Support Files/Pods-RoktDemo/Pods-RoktDemo-frameworks-${CONFIGURATION}-input-files.xcfilelist",
			);
			name = "[CP] Embed Pods Frameworks";
			outputFileListPaths = (
				"${PODS_ROOT}/Target Support Files/Pods-RoktDemo/Pods-RoktDemo-frameworks-${CONFIGURATION}-output-files.xcfilelist",
			);
			runOnlyForDeploymentPostprocessing = 0;
			shellPath = /bin/sh;
			shellScript = "\"${PODS_ROOT}/Target Support Files/Pods-RoktDemo/Pods-RoktDemo-frameworks.sh\"\n";
			showEnvVarsInLog = 0;
		};
		6B82A0DFAC1C2E5DF0EBD820 /* [CP] Copy Pods Resources */ = {
			isa = PBXShellScriptBuildPhase;
			buildActionMask = 2147483647;
			files = (
			);
			inputFileListPaths = (
				"${PODS_ROOT}/Target Support Files/Pods-RoktDemo-RoktDemoUITests/Pods-RoktDemo-RoktDemoUITests-resources-${CONFIGURATION}-input-files.xcfilelist",
			);
			name = "[CP] Copy Pods Resources";
			outputFileListPaths = (
				"${PODS_ROOT}/Target Support Files/Pods-RoktDemo-RoktDemoUITests/Pods-RoktDemo-RoktDemoUITests-resources-${CONFIGURATION}-output-files.xcfilelist",
			);
			runOnlyForDeploymentPostprocessing = 0;
			shellPath = /bin/sh;
			shellScript = "\"${PODS_ROOT}/Target Support Files/Pods-RoktDemo-RoktDemoUITests/Pods-RoktDemo-RoktDemoUITests-resources.sh\"\n";
			showEnvVarsInLog = 0;
		};
		756C157677FBD29E06A67D59 /* [CP] Copy Pods Resources */ = {
			isa = PBXShellScriptBuildPhase;
			buildActionMask = 2147483647;
			files = (
			);
			inputFileListPaths = (
				"${PODS_ROOT}/Target Support Files/Pods-RoktDemo/Pods-RoktDemo-resources-${CONFIGURATION}-input-files.xcfilelist",
			);
			name = "[CP] Copy Pods Resources";
			outputFileListPaths = (
				"${PODS_ROOT}/Target Support Files/Pods-RoktDemo/Pods-RoktDemo-resources-${CONFIGURATION}-output-files.xcfilelist",
			);
			runOnlyForDeploymentPostprocessing = 0;
			shellPath = /bin/sh;
			shellScript = "\"${PODS_ROOT}/Target Support Files/Pods-RoktDemo/Pods-RoktDemo-resources.sh\"\n";
			showEnvVarsInLog = 0;
		};
		9277D92C7ADCD1BA2BC10630 /* [CP] Check Pods Manifest.lock */ = {
			isa = PBXShellScriptBuildPhase;
			buildActionMask = 2147483647;
			files = (
			);
			inputFileListPaths = (
			);
			inputPaths = (
				"${PODS_PODFILE_DIR_PATH}/Podfile.lock",
				"${PODS_ROOT}/Manifest.lock",
			);
			name = "[CP] Check Pods Manifest.lock";
			outputFileListPaths = (
			);
			outputPaths = (
				"$(DERIVED_FILE_DIR)/Pods-RoktDemo-RoktDemoUITests-checkManifestLockResult.txt",
			);
			runOnlyForDeploymentPostprocessing = 0;
			shellPath = /bin/sh;
			shellScript = "diff \"${PODS_PODFILE_DIR_PATH}/Podfile.lock\" \"${PODS_ROOT}/Manifest.lock\" > /dev/null\nif [ $? != 0 ] ; then\n    # print error to STDERR\n    echo \"error: The sandbox is not in sync with the Podfile.lock. Run 'pod install' or update your CocoaPods installation.\" >&2\n    exit 1\nfi\n# This output is used by Xcode 'outputs' to avoid re-running this script phase.\necho \"SUCCESS\" > \"${SCRIPT_OUTPUT_FILE_0}\"\n";
			showEnvVarsInLog = 0;
		};
		BD98BE2310982F31FA1C8DFA /* [CP] Check Pods Manifest.lock */ = {
			isa = PBXShellScriptBuildPhase;
			buildActionMask = 2147483647;
			files = (
			);
			inputFileListPaths = (
			);
			inputPaths = (
				"${PODS_PODFILE_DIR_PATH}/Podfile.lock",
				"${PODS_ROOT}/Manifest.lock",
			);
			name = "[CP] Check Pods Manifest.lock";
			outputFileListPaths = (
			);
			outputPaths = (
				"$(DERIVED_FILE_DIR)/Pods-RoktDemoTests-checkManifestLockResult.txt",
			);
			runOnlyForDeploymentPostprocessing = 0;
			shellPath = /bin/sh;
			shellScript = "diff \"${PODS_PODFILE_DIR_PATH}/Podfile.lock\" \"${PODS_ROOT}/Manifest.lock\" > /dev/null\nif [ $? != 0 ] ; then\n    # print error to STDERR\n    echo \"error: The sandbox is not in sync with the Podfile.lock. Run 'pod install' or update your CocoaPods installation.\" >&2\n    exit 1\nfi\n# This output is used by Xcode 'outputs' to avoid re-running this script phase.\necho \"SUCCESS\" > \"${SCRIPT_OUTPUT_FILE_0}\"\n";
			showEnvVarsInLog = 0;
		};
		E4ACE3D9395BC411CA6E5DE1 /* [CP] Check Pods Manifest.lock */ = {
			isa = PBXShellScriptBuildPhase;
			buildActionMask = 2147483647;
			files = (
			);
			inputFileListPaths = (
			);
			inputPaths = (
				"${PODS_PODFILE_DIR_PATH}/Podfile.lock",
				"${PODS_ROOT}/Manifest.lock",
			);
			name = "[CP] Check Pods Manifest.lock";
			outputFileListPaths = (
			);
			outputPaths = (
				"$(DERIVED_FILE_DIR)/Pods-RoktDemo-checkManifestLockResult.txt",
			);
			runOnlyForDeploymentPostprocessing = 0;
			shellPath = /bin/sh;
			shellScript = "diff \"${PODS_PODFILE_DIR_PATH}/Podfile.lock\" \"${PODS_ROOT}/Manifest.lock\" > /dev/null\nif [ $? != 0 ] ; then\n    # print error to STDERR\n    echo \"error: The sandbox is not in sync with the Podfile.lock. Run 'pod install' or update your CocoaPods installation.\" >&2\n    exit 1\nfi\n# This output is used by Xcode 'outputs' to avoid re-running this script phase.\necho \"SUCCESS\" > \"${SCRIPT_OUTPUT_FILE_0}\"\n";
			showEnvVarsInLog = 0;
		};
/* End PBXShellScriptBuildPhase section */

/* Begin PBXSourcesBuildPhase section */
		25F8475F260C34880067B515 /* Sources */ = {
			isa = PBXSourcesBuildPhase;
			buildActionMask = 2147483647;
			files = (
				25A56259269BE2EC003E64B0 /* ConfirmationView.swift in Sources */,
				2570F33C2627B38400B5B52E /* NavigationBarBlackWithButton.swift in Sources */,
				251E3317274F297E00308A18 /* PreDefined3View.swift in Sources */,
				256EB779261C206A00B959EF /* PreDefinedScreenModel.swift in Sources */,
				25A0266626A51B860005CFED /* ErrorViewModel.swift in Sources */,
				2576572B261D4CBF003F3D26 /* Color+Extensions.swift in Sources */,
				256EB76A261C1ABD00B959EF /* DefaultPlacementExamplesModel.swift in Sources */,
				589922702613F67A00A58DA3 /* ButtonDefault.swift in Sources */,
				256EB774261C1FFB00B959EF /* CustomConfigurationPageModel.swift in Sources */,
				25CBB2AD2628044800D8AB79 /* DemoItemSummaryView.swift in Sources */,
				2575CCBD26538AF8005226C5 /* AccountDetailsModel.swift in Sources */,
				256A2841262D1D42000CF3D4 /* RoktEmbeddedSwiftUIView.swift in Sources */,
				256EB765261C0FD900B959EF /* DemoLibraryModel.swift in Sources */,
				2542B4AA2794F2F800863F83 /* NavigationBarWhite.swift in Sources */,
				58CF380E2664A72C00DCE317 /* CustomerDetailsView.swift in Sources */,
				25CBB2A82627F51A00D8AB79 /* AlertView.swift in Sources */,
				2524C9EE2697D4BD0091E01A /* DetailPickerView.swift in Sources */,
				255839092620072700AF7FAE /* String+Extension.swift in Sources */,
				25F84767260C34880067B515 /* AppDelegate.swift in Sources */,
				2575CCB72653594E005226C5 /* ValidationService.swift in Sources */,
				256E3D502623FB8D00639FE0 /* AboutRoktViewModel.swift in Sources */,
				251E3302274DCE2900308A18 /* PreDefined2View.swift in Sources */,
				256EB760261C0F7F00B959EF /* DemoLibraryView.swift in Sources */,
				2574715B261EB40B00B8C0C7 /* NavigationBarAccessor.swift in Sources */,
				256EB788261C26FA00B959EF /* DemoLibraryService.swift in Sources */,
				254D4C8B2717EA5A003E27C9 /* DescriptionItem.swift in Sources */,
				251E32F7274B457900308A18 /* PreDefined1View.swift in Sources */,
				25F84769260C34880067B515 /* SceneDelegate.swift in Sources */,
				255D7AC326290F5F0041D81C /* DemoItemSummaryViewModel.swift in Sources */,
				2574716C261EB5C300B8C0C7 /* NavigationBarTransparent.swift in Sources */,
				25628DE8269FFBCA00B12963 /* ActivityIndicatorView.swift in Sources */,
				5899229226141F9100A58DA3 /* AboutRoktContentModel.swift in Sources */,
				251E330C274F0A9600308A18 /* PreDefinedScreen2Model.swift in Sources */,
				256EB75B261C0EFE00B959EF /* HeaderView.swift in Sources */,
				5899229D2614214500A58DA3 /* AboutRoktService.swift in Sources */,
				5899228A26141F3500A58DA3 /* AboutRoktModel.swift in Sources */,
				5899226B2613F63800A58DA3 /* Font+Extensions.swift in Sources */,
				25F8476B260C34880067B515 /* HomePageView.swift in Sources */,
				25747171261EB5D200B8C0C7 /* NavigationBarBlack.swift in Sources */,
				251E330A274F0A8600308A18 /* PreDefinedScreen1Model.swift in Sources */,
				25A5629C269FBC78003E64B0 /* NetworkService.swift in Sources */,
				251E330E274F0AA400308A18 /* PreDefinedScreen3Model.swift in Sources */,
				58CF38102664C0AC00DCE317 /* CustomerDetailsViewModel.swift in Sources */,
				256C958226A1455400F0961B /* UIState.swift in Sources */,
				252842D2263BB9300010114A /* AccountDetailsViewModel.swift in Sources */,
				256EB76F261C1CB700B959EF /* DemoItemModel.swift in Sources */,
				25583904261FE5D600AF7FAE /* DemoItemView.swift in Sources */,
				252842D0263BB82E0010114A /* DetailTextFieldView.swift in Sources */,
				2524C9E62697C23F0091E01A /* Binding+Extensions.swift in Sources */,
				256D417E26FD4D0B008D7879 /* EmailView.swift in Sources */,
				25C7098026E9D4F30006C18C /* DetailTextView.swift in Sources */,
				251E32FF274C9AEE00308A18 /* PreDefinedViewModel.swift in Sources */,
				589922B226154BA500A58DA3 /* AboutRoktContentView.swift in Sources */,
				25A5625E269BFF69003E64B0 /* ConfirmationViewModel.swift in Sources */,
				256A288D262D4904000CF3D4 /* FeatureWalkthroughView.swift in Sources */,
				251E32FD274C9A3900308A18 /* Random.swift in Sources */,
				25747164261EB5B200B8C0C7 /* NavigationBarGray.swift in Sources */,
				25D9F8D026B904AC008F2BBE /* UIApplication+Extensions.swift in Sources */,
				255D7ACB262959CE0041D81C /* ScreenModel.swift in Sources */,
				25747150261E7EB100B8C0C7 /* NavigationBarModifier.swift in Sources */,
				257564B7263A6A9E0096889A /* AccountDetailsView.swift in Sources */,
				256E3D3E2623DFE000639FE0 /* DemoLibraryViewModel.swift in Sources */,
				2524C9B326955CDC0091E01A /* CustomerDetailsModel.swift in Sources */,
				589922BA2615560800A58DA3 /* Constants.swift in Sources */,
				25A0266126A5000D0005CFED /* ErrorView.swift in Sources */,
				25570523262FA34D00635121 /* FeatureWalkthroughViewModel.swift in Sources */,
				589922792613F75800A58DA3 /* ButtonDefaultOutlined.swift in Sources */,
				5899228426141EF900A58DA3 /* AboutRoktView.swift in Sources */,
				25D1D72226DF5E7B0045D579 /* KeyboardModifier.swift in Sources */,
			);
			runOnlyForDeploymentPostprocessing = 0;
		};
		25F84775260C348A0067B515 /* Sources */ = {
			isa = PBXSourcesBuildPhase;
			buildActionMask = 2147483647;
			files = (
				251E32E4274B220C00308A18 /* DemoLibraryService.swift in Sources */,
				251E32E1274B21C900308A18 /* CustomerDetailsViewModel.swift in Sources */,
				251E32E9274B22FD00308A18 /* Color+Extensions.swift in Sources */,
				251E32EB274B231E00308A18 /* ButtonDefault.swift in Sources */,
				58A97A752654DD4E0092B598 /* DefaultPlacementExamplesModel.swift in Sources */,
				251E32E6274B225200308A18 /* NavigationBarBlackWithButton.swift in Sources */,
				58A97A762654DD550092B598 /* ScreenModel.swift in Sources */,
				58A97A742654DCB00092B598 /* DemoItemModel.swift in Sources */,
				251E3300274CA89D00308A18 /* Random.swift in Sources */,
				251E32E8274B22C900308A18 /* NavigationBarAccessor.swift in Sources */,
				25A56254269BD867003E64B0 /* FeatureWalkthroughViewModelTests.swift in Sources */,
				251E32EE274B233F00308A18 /* NavigationBarModifier.swift in Sources */,
				25A5624F269BD5D3003E64B0 /* CustomerDetailsViewModelTests.swift in Sources */,
				251E32EC274B232600308A18 /* KeyboardModifier.swift in Sources */,
				58A97A722654D3F10092B598 /* CustomConfigurationPageModel.swift in Sources */,
				251E32ED274B232D00308A18 /* DescriptionItem.swift in Sources */,
				251E32E5274B223800308A18 /* RoktEmbeddedSwiftUIView.swift in Sources */,
				251E32DA274B0EEB00308A18 /* ConfirmationView.swift in Sources */,
				58A97A6F2654CF850092B598 /* AccountDetailsViewModelTests.swift in Sources */,
				251E3311274F0D5B00308A18 /* PreDefinedScreen3Model.swift in Sources */,
				2575CCBA26536A84005226C5 /* ValidationServiceTests.swift in Sources */,
				58A97A712654D2F20092B598 /* AccountDetailsViewModel.swift in Sources */,
				25A56262269D551F003E64B0 /* ConfirmationViewModel.swift in Sources */,
				251E32EF274B234D00308A18 /* Font+Extensions.swift in Sources */,
				251E32F0274B235800308A18 /* NetworkService.swift in Sources */,
				251E32E7274B22B100308A18 /* FeatureWalkthroughViewModel.swift in Sources */,
				251E32E3274B21FB00308A18 /* DemoLibraryModel.swift in Sources */,
				251E3310274F0D5500308A18 /* PreDefinedScreen2Model.swift in Sources */,
				25F8477E260C348A0067B515 /* RoktDemoTests.swift in Sources */,
				58A97A732654D3FC0092B598 /* AccountDetailsModel.swift in Sources */,
				251E330F274F0D5300308A18 /* PreDefinedScreen1Model.swift in Sources */,
				25A56246269BB953003E64B0 /* CustomerDetailsModel.swift in Sources */,
				251E32E2274B21EC00308A18 /* UIState.swift in Sources */,
				2575CCBB26536B34005226C5 /* ValidationService.swift in Sources */,
				251E32E0274B21B800308A18 /* DemoLibraryViewModel.swift in Sources */,
				251E32EA274B230E00308A18 /* PreDefinedScreenModel.swift in Sources */,
				251E32F1274B238200308A18 /* DetailTextView.swift in Sources */,
				25D7363F26E0799500495FFF /* Constants.swift in Sources */,
				251E32F2274B24D800308A18 /* DetailTextFieldView.swift in Sources */,
			);
			runOnlyForDeploymentPostprocessing = 0;
		};
		25F84780260C348A0067B515 /* Sources */ = {
			isa = PBXSourcesBuildPhase;
			buildActionMask = 2147483647;
			files = (
				25F84789260C348A0067B515 /* RoktDemoUITests.swift in Sources */,
				25D7363826E0799000495FFF /* Constants.swift in Sources */,
			);
			runOnlyForDeploymentPostprocessing = 0;
		};
/* End PBXSourcesBuildPhase section */

/* Begin PBXTargetDependency section */
		25F8477B260C348A0067B515 /* PBXTargetDependency */ = {
			isa = PBXTargetDependency;
			target = 25F84762260C34880067B515 /* RoktDemo */;
			targetProxy = 25F8477A260C348A0067B515 /* PBXContainerItemProxy */;
		};
		25F84786260C348A0067B515 /* PBXTargetDependency */ = {
			isa = PBXTargetDependency;
			target = 25F84762260C34880067B515 /* RoktDemo */;
			targetProxy = 25F84785260C348A0067B515 /* PBXContainerItemProxy */;
		};
/* End PBXTargetDependency section */

/* Begin PBXVariantGroup section */
		25F84771260C348A0067B515 /* LaunchScreen.storyboard */ = {
			isa = PBXVariantGroup;
			children = (
				25F84772260C348A0067B515 /* Base */,
			);
			name = LaunchScreen.storyboard;
			sourceTree = "<group>";
		};
/* End PBXVariantGroup section */

/* Begin XCBuildConfiguration section */
		25F8478B260C348A0067B515 /* Debug */ = {
			isa = XCBuildConfiguration;
			buildSettings = {
				ALWAYS_SEARCH_USER_PATHS = NO;
				CLANG_ANALYZER_NONNULL = YES;
				CLANG_ANALYZER_NUMBER_OBJECT_CONVERSION = YES_AGGRESSIVE;
				CLANG_CXX_LANGUAGE_STANDARD = "gnu++14";
				CLANG_CXX_LIBRARY = "libc++";
				CLANG_ENABLE_MODULES = YES;
				CLANG_ENABLE_OBJC_ARC = YES;
				CLANG_ENABLE_OBJC_WEAK = YES;
				CLANG_WARN_BLOCK_CAPTURE_AUTORELEASING = YES;
				CLANG_WARN_BOOL_CONVERSION = YES;
				CLANG_WARN_COMMA = YES;
				CLANG_WARN_CONSTANT_CONVERSION = YES;
				CLANG_WARN_DEPRECATED_OBJC_IMPLEMENTATIONS = YES;
				CLANG_WARN_DIRECT_OBJC_ISA_USAGE = YES_ERROR;
				CLANG_WARN_DOCUMENTATION_COMMENTS = YES;
				CLANG_WARN_EMPTY_BODY = YES;
				CLANG_WARN_ENUM_CONVERSION = YES;
				CLANG_WARN_INFINITE_RECURSION = YES;
				CLANG_WARN_INT_CONVERSION = YES;
				CLANG_WARN_NON_LITERAL_NULL_CONVERSION = YES;
				CLANG_WARN_OBJC_IMPLICIT_RETAIN_SELF = YES;
				CLANG_WARN_OBJC_LITERAL_CONVERSION = YES;
				CLANG_WARN_OBJC_ROOT_CLASS = YES_ERROR;
				CLANG_WARN_QUOTED_INCLUDE_IN_FRAMEWORK_HEADER = YES;
				CLANG_WARN_RANGE_LOOP_ANALYSIS = YES;
				CLANG_WARN_STRICT_PROTOTYPES = YES;
				CLANG_WARN_SUSPICIOUS_MOVE = YES;
				CLANG_WARN_UNGUARDED_AVAILABILITY = YES_AGGRESSIVE;
				CLANG_WARN_UNREACHABLE_CODE = YES;
				CLANG_WARN__DUPLICATE_METHOD_MATCH = YES;
				COPY_PHASE_STRIP = NO;
				DEBUG_INFORMATION_FORMAT = dwarf;
				ENABLE_STRICT_OBJC_MSGSEND = YES;
				ENABLE_TESTABILITY = YES;
				GCC_C_LANGUAGE_STANDARD = gnu11;
				GCC_DYNAMIC_NO_PIC = NO;
				GCC_NO_COMMON_BLOCKS = YES;
				GCC_OPTIMIZATION_LEVEL = 0;
				GCC_PREPROCESSOR_DEFINITIONS = (
					"DEBUG=1",
					"$(inherited)",
				);
				GCC_WARN_64_TO_32_BIT_CONVERSION = YES;
				GCC_WARN_ABOUT_RETURN_TYPE = YES_ERROR;
				GCC_WARN_UNDECLARED_SELECTOR = YES;
				GCC_WARN_UNINITIALIZED_AUTOS = YES_AGGRESSIVE;
				GCC_WARN_UNUSED_FUNCTION = YES;
				GCC_WARN_UNUSED_VARIABLE = YES;
				IPHONEOS_DEPLOYMENT_TARGET = 14.4;
				MTL_ENABLE_DEBUG_INFO = INCLUDE_SOURCE;
				MTL_FAST_MATH = YES;
				ONLY_ACTIVE_ARCH = YES;
				SDKROOT = iphoneos;
				SWIFT_ACTIVE_COMPILATION_CONDITIONS = DEBUG;
				SWIFT_OPTIMIZATION_LEVEL = "-Onone";
			};
			name = Debug;
		};
		25F8478C260C348A0067B515 /* Release */ = {
			isa = XCBuildConfiguration;
			buildSettings = {
				ALWAYS_SEARCH_USER_PATHS = NO;
				CLANG_ANALYZER_NONNULL = YES;
				CLANG_ANALYZER_NUMBER_OBJECT_CONVERSION = YES_AGGRESSIVE;
				CLANG_CXX_LANGUAGE_STANDARD = "gnu++14";
				CLANG_CXX_LIBRARY = "libc++";
				CLANG_ENABLE_MODULES = YES;
				CLANG_ENABLE_OBJC_ARC = YES;
				CLANG_ENABLE_OBJC_WEAK = YES;
				CLANG_WARN_BLOCK_CAPTURE_AUTORELEASING = YES;
				CLANG_WARN_BOOL_CONVERSION = YES;
				CLANG_WARN_COMMA = YES;
				CLANG_WARN_CONSTANT_CONVERSION = YES;
				CLANG_WARN_DEPRECATED_OBJC_IMPLEMENTATIONS = YES;
				CLANG_WARN_DIRECT_OBJC_ISA_USAGE = YES_ERROR;
				CLANG_WARN_DOCUMENTATION_COMMENTS = YES;
				CLANG_WARN_EMPTY_BODY = YES;
				CLANG_WARN_ENUM_CONVERSION = YES;
				CLANG_WARN_INFINITE_RECURSION = YES;
				CLANG_WARN_INT_CONVERSION = YES;
				CLANG_WARN_NON_LITERAL_NULL_CONVERSION = YES;
				CLANG_WARN_OBJC_IMPLICIT_RETAIN_SELF = YES;
				CLANG_WARN_OBJC_LITERAL_CONVERSION = YES;
				CLANG_WARN_OBJC_ROOT_CLASS = YES_ERROR;
				CLANG_WARN_QUOTED_INCLUDE_IN_FRAMEWORK_HEADER = YES;
				CLANG_WARN_RANGE_LOOP_ANALYSIS = YES;
				CLANG_WARN_STRICT_PROTOTYPES = YES;
				CLANG_WARN_SUSPICIOUS_MOVE = YES;
				CLANG_WARN_UNGUARDED_AVAILABILITY = YES_AGGRESSIVE;
				CLANG_WARN_UNREACHABLE_CODE = YES;
				CLANG_WARN__DUPLICATE_METHOD_MATCH = YES;
				COPY_PHASE_STRIP = NO;
				DEBUG_INFORMATION_FORMAT = "dwarf-with-dsym";
				ENABLE_NS_ASSERTIONS = NO;
				ENABLE_STRICT_OBJC_MSGSEND = YES;
				GCC_C_LANGUAGE_STANDARD = gnu11;
				GCC_NO_COMMON_BLOCKS = YES;
				GCC_WARN_64_TO_32_BIT_CONVERSION = YES;
				GCC_WARN_ABOUT_RETURN_TYPE = YES_ERROR;
				GCC_WARN_UNDECLARED_SELECTOR = YES;
				GCC_WARN_UNINITIALIZED_AUTOS = YES_AGGRESSIVE;
				GCC_WARN_UNUSED_FUNCTION = YES;
				GCC_WARN_UNUSED_VARIABLE = YES;
				IPHONEOS_DEPLOYMENT_TARGET = 14.4;
				MTL_ENABLE_DEBUG_INFO = NO;
				MTL_FAST_MATH = YES;
				SDKROOT = iphoneos;
				SWIFT_COMPILATION_MODE = wholemodule;
				SWIFT_OPTIMIZATION_LEVEL = "-O";
				VALIDATE_PRODUCT = YES;
			};
			name = Release;
		};
		25F8478E260C348A0067B515 /* Debug */ = {
			isa = XCBuildConfiguration;
			baseConfigurationReference = ECEA0B86771F7C75F4B994EC /* Pods-RoktDemo.debug.xcconfig */;
			buildSettings = {
				ASSETCATALOG_COMPILER_APPICON_NAME = AppIcon;
				ASSETCATALOG_COMPILER_GLOBAL_ACCENT_COLOR_NAME = AccentColor;
				CODE_SIGN_IDENTITY = "iPhone Distribution";
				CODE_SIGN_STYLE = Manual;
				CURRENT_PROJECT_VERSION = 9;
				DEVELOPMENT_ASSET_PATHS = "\"RoktDemo/Preview Content\"";
				DEVELOPMENT_TEAM = EX8W57PJ9C;
				ENABLE_PREVIEWS = YES;
				INFOPLIST_FILE = RoktDemo/Info.plist;
				IPHONEOS_DEPLOYMENT_TARGET = 13.0;
				LD_RUNPATH_SEARCH_PATHS = (
					"$(inherited)",
					"@executable_path/Frameworks",
				);
				MARKETING_VERSION = 1.1.7;
				PRODUCT_BUNDLE_IDENTIFIER = com.rokt.RoktDemo;
				PRODUCT_NAME = "$(TARGET_NAME)";
				PROVISIONING_PROFILE_SPECIFIER = "match AppStore com.rokt.RoktDemo";
				SWIFT_VERSION = 5.0;
				TARGETED_DEVICE_FAMILY = "1,2";
			};
			name = Debug;
		};
		25F8478F260C348A0067B515 /* Release */ = {
			isa = XCBuildConfiguration;
			baseConfigurationReference = F0AD78464E86D967CC2BA8D7 /* Pods-RoktDemo.release.xcconfig */;
			buildSettings = {
				ASSETCATALOG_COMPILER_APPICON_NAME = AppIcon;
				ASSETCATALOG_COMPILER_GLOBAL_ACCENT_COLOR_NAME = AccentColor;
				CODE_SIGN_IDENTITY = "iPhone Distribution";
				CODE_SIGN_STYLE = Manual;
				CURRENT_PROJECT_VERSION = 9;
				DEVELOPMENT_ASSET_PATHS = "\"RoktDemo/Preview Content\"";
				DEVELOPMENT_TEAM = EX8W57PJ9C;
				ENABLE_PREVIEWS = YES;
				INFOPLIST_FILE = RoktDemo/Info.plist;
				IPHONEOS_DEPLOYMENT_TARGET = 13.0;
				LD_RUNPATH_SEARCH_PATHS = (
					"$(inherited)",
					"@executable_path/Frameworks",
				);
				MARKETING_VERSION = 1.1.7;
				PRODUCT_BUNDLE_IDENTIFIER = com.rokt.RoktDemo;
				PRODUCT_NAME = "$(TARGET_NAME)";
				PROVISIONING_PROFILE_SPECIFIER = "match AppStore com.rokt.RoktDemo";
				SWIFT_VERSION = 5.0;
				TARGETED_DEVICE_FAMILY = "1,2";
			};
			name = Release;
		};
		25F84791260C348A0067B515 /* Debug */ = {
			isa = XCBuildConfiguration;
			baseConfigurationReference = C66C34F497D0D837DAA0D0BF /* Pods-RoktDemoTests.debug.xcconfig */;
			buildSettings = {
				ALWAYS_EMBED_SWIFT_STANDARD_LIBRARIES = YES;
				BUNDLE_LOADER = "$(TEST_HOST)";
				CODE_SIGN_STYLE = Automatic;
				INFOPLIST_FILE = RoktDemoTests/Info.plist;
				IPHONEOS_DEPLOYMENT_TARGET = 13.0;
				LD_RUNPATH_SEARCH_PATHS = (
					"$(inherited)",
					"@executable_path/Frameworks",
					"@loader_path/Frameworks",
				);
				PRODUCT_BUNDLE_IDENTIFIER = com.rokt.RoktDemoTests;
				PRODUCT_NAME = "$(TARGET_NAME)";
				SWIFT_VERSION = 5.0;
				TARGETED_DEVICE_FAMILY = "1,2";
				TEST_HOST = "$(BUILT_PRODUCTS_DIR)/RoktDemo.app/RoktDemo";
			};
			name = Debug;
		};
		25F84792260C348A0067B515 /* Release */ = {
			isa = XCBuildConfiguration;
			baseConfigurationReference = 015259D9C01CE22B4D7A8B0D /* Pods-RoktDemoTests.release.xcconfig */;
			buildSettings = {
				ALWAYS_EMBED_SWIFT_STANDARD_LIBRARIES = YES;
				BUNDLE_LOADER = "$(TEST_HOST)";
				CODE_SIGN_STYLE = Automatic;
				INFOPLIST_FILE = RoktDemoTests/Info.plist;
				IPHONEOS_DEPLOYMENT_TARGET = 13.0;
				LD_RUNPATH_SEARCH_PATHS = (
					"$(inherited)",
					"@executable_path/Frameworks",
					"@loader_path/Frameworks",
				);
				PRODUCT_BUNDLE_IDENTIFIER = com.rokt.RoktDemoTests;
				PRODUCT_NAME = "$(TARGET_NAME)";
				SWIFT_VERSION = 5.0;
				TARGETED_DEVICE_FAMILY = "1,2";
				TEST_HOST = "$(BUILT_PRODUCTS_DIR)/RoktDemo.app/RoktDemo";
			};
			name = Release;
		};
		25F84794260C348A0067B515 /* Debug */ = {
			isa = XCBuildConfiguration;
			baseConfigurationReference = E8E2C87F4028BD61078169FF /* Pods-RoktDemo-RoktDemoUITests.debug.xcconfig */;
			buildSettings = {
				ALWAYS_EMBED_SWIFT_STANDARD_LIBRARIES = YES;
				CODE_SIGN_STYLE = Automatic;
				INFOPLIST_FILE = RoktDemoUITests/Info.plist;
				IPHONEOS_DEPLOYMENT_TARGET = 13.0;
				LD_RUNPATH_SEARCH_PATHS = (
					"$(inherited)",
					"@executable_path/Frameworks",
					"@loader_path/Frameworks",
				);
				PRODUCT_BUNDLE_IDENTIFIER = com.rokt.RoktDemoUITests;
				PRODUCT_NAME = "$(TARGET_NAME)";
				SWIFT_VERSION = 5.0;
				TARGETED_DEVICE_FAMILY = "1,2";
				TEST_TARGET_NAME = RoktDemo;
			};
			name = Debug;
		};
		25F84795260C348A0067B515 /* Release */ = {
			isa = XCBuildConfiguration;
			baseConfigurationReference = 9A314A81E512DF01D2086A79 /* Pods-RoktDemo-RoktDemoUITests.release.xcconfig */;
			buildSettings = {
				ALWAYS_EMBED_SWIFT_STANDARD_LIBRARIES = YES;
				CODE_SIGN_STYLE = Automatic;
				INFOPLIST_FILE = RoktDemoUITests/Info.plist;
				IPHONEOS_DEPLOYMENT_TARGET = 13.0;
				LD_RUNPATH_SEARCH_PATHS = (
					"$(inherited)",
					"@executable_path/Frameworks",
					"@loader_path/Frameworks",
				);
				PRODUCT_BUNDLE_IDENTIFIER = com.rokt.RoktDemoUITests;
				PRODUCT_NAME = "$(TARGET_NAME)";
				SWIFT_VERSION = 5.0;
				TARGETED_DEVICE_FAMILY = "1,2";
				TEST_TARGET_NAME = RoktDemo;
			};
			name = Release;
		};
/* End XCBuildConfiguration section */

/* Begin XCConfigurationList section */
		25F8475E260C34880067B515 /* Build configuration list for PBXProject "RoktDemo" */ = {
			isa = XCConfigurationList;
			buildConfigurations = (
				25F8478B260C348A0067B515 /* Debug */,
				25F8478C260C348A0067B515 /* Release */,
			);
			defaultConfigurationIsVisible = 0;
			defaultConfigurationName = Release;
		};
		25F8478D260C348A0067B515 /* Build configuration list for PBXNativeTarget "RoktDemo" */ = {
			isa = XCConfigurationList;
			buildConfigurations = (
				25F8478E260C348A0067B515 /* Debug */,
				25F8478F260C348A0067B515 /* Release */,
			);
			defaultConfigurationIsVisible = 0;
			defaultConfigurationName = Release;
		};
		25F84790260C348A0067B515 /* Build configuration list for PBXNativeTarget "RoktDemoTests" */ = {
			isa = XCConfigurationList;
			buildConfigurations = (
				25F84791260C348A0067B515 /* Debug */,
				25F84792260C348A0067B515 /* Release */,
			);
			defaultConfigurationIsVisible = 0;
			defaultConfigurationName = Release;
		};
		25F84793260C348A0067B515 /* Build configuration list for PBXNativeTarget "RoktDemoUITests" */ = {
			isa = XCConfigurationList;
			buildConfigurations = (
				25F84794260C348A0067B515 /* Debug */,
				25F84795260C348A0067B515 /* Release */,
			);
			defaultConfigurationIsVisible = 0;
			defaultConfigurationName = Release;
		};
/* End XCConfigurationList section */
	};
	rootObject = 25F8475B260C34880067B515 /* Project object */;
}
