// !$*UTF8*$!
{
	archiveVersion = 1;
	classes = {
	};
	objectVersion = 51;
	objects = {

/* Begin PBXBuildFile section */
		17E6B740C63A1CB615166AEB /* Pods_RoktDemo.framework in Frameworks */ = {isa = PBXBuildFile; fileRef = 10ED9192FFA9C96CCB3E713B /* Pods_RoktDemo.framework */; };
		256EB75B261C0EFE00B959EF /* HeaderView.swift in Sources */ = {isa = PBXBuildFile; fileRef = 256EB75A261C0EFE00B959EF /* HeaderView.swift */; };
		256EB760261C0F7F00B959EF /* DemoLibraryView.swift in Sources */ = {isa = PBXBuildFile; fileRef = 256EB75F261C0F7F00B959EF /* DemoLibraryView.swift */; };
		256EB765261C0FD900B959EF /* DemoLibraryModel.swift in Sources */ = {isa = PBXBuildFile; fileRef = 256EB764261C0FD900B959EF /* DemoLibraryModel.swift */; };
		256EB76A261C1ABD00B959EF /* DefaultPlacementExamplesModel.swift in Sources */ = {isa = PBXBuildFile; fileRef = 256EB769261C1ABD00B959EF /* DefaultPlacementExamplesModel.swift */; };
		256EB76F261C1CB700B959EF /* DemoItemModel.swift in Sources */ = {isa = PBXBuildFile; fileRef = 256EB76E261C1CB700B959EF /* DemoItemModel.swift */; };
		256EB774261C1FFB00B959EF /* CustomConfigurationPageModel.swift in Sources */ = {isa = PBXBuildFile; fileRef = 256EB773261C1FFB00B959EF /* CustomConfigurationPageModel.swift */; };
		256EB779261C206A00B959EF /* PreDefinedScreen1Model.swift in Sources */ = {isa = PBXBuildFile; fileRef = 256EB778261C206A00B959EF /* PreDefinedScreen1Model.swift */; };
		256EB77E261C208500B959EF /* PreDefinedScreen2Model.swift in Sources */ = {isa = PBXBuildFile; fileRef = 256EB77D261C208500B959EF /* PreDefinedScreen2Model.swift */; };
		256EB783261C209200B959EF /* PreDefinedScreen3Model.swift in Sources */ = {isa = PBXBuildFile; fileRef = 256EB782261C209200B959EF /* PreDefinedScreen3Model.swift */; };
		256EB788261C26FA00B959EF /* DemoLibraryService.swift in Sources */ = {isa = PBXBuildFile; fileRef = 256EB787261C26FA00B959EF /* DemoLibraryService.swift */; };
		25747150261E7EB100B8C0C7 /* NavigationBarModifier.swift in Sources */ = {isa = PBXBuildFile; fileRef = 2574714F261E7EB100B8C0C7 /* NavigationBarModifier.swift */; };
		2574715B261EB40B00B8C0C7 /* NavigationBarAccessor.swift in Sources */ = {isa = PBXBuildFile; fileRef = 2574715A261EB40B00B8C0C7 /* NavigationBarAccessor.swift */; };
		25747164261EB5B200B8C0C7 /* NavigationBarGray.swift in Sources */ = {isa = PBXBuildFile; fileRef = 25747163261EB5B200B8C0C7 /* NavigationBarGray.swift */; };
		2574716C261EB5C300B8C0C7 /* NavigationBarTransparent.swift in Sources */ = {isa = PBXBuildFile; fileRef = 2574716B261EB5C300B8C0C7 /* NavigationBarTransparent.swift */; };
		25747171261EB5D200B8C0C7 /* NavigationBarBlack.swift in Sources */ = {isa = PBXBuildFile; fileRef = 25747170261EB5D200B8C0C7 /* NavigationBarBlack.swift */; };
		2576572B261D4CBF003F3D26 /* Color+Extensions.swift in Sources */ = {isa = PBXBuildFile; fileRef = 2576572A261D4CBF003F3D26 /* Color+Extensions.swift */; };
		25BA8D8B260D94B60044EF14 /* SoleilBook.otf in Resources */ = {isa = PBXBuildFile; fileRef = 25BA8D87260D94B60044EF14 /* SoleilBook.otf */; };
		25BA8D8C260D94B60044EF14 /* SoleilLight.otf in Resources */ = {isa = PBXBuildFile; fileRef = 25BA8D88260D94B60044EF14 /* SoleilLight.otf */; };
		25BA8D8D260D94B60044EF14 /* SoleilRegular.otf in Resources */ = {isa = PBXBuildFile; fileRef = 25BA8D89260D94B60044EF14 /* SoleilRegular.otf */; };
		25BA8D8E260D94B60044EF14 /* SoleilBold.otf in Resources */ = {isa = PBXBuildFile; fileRef = 25BA8D8A260D94B60044EF14 /* SoleilBold.otf */; };
		25F84767260C34880067B515 /* AppDelegate.swift in Sources */ = {isa = PBXBuildFile; fileRef = 25F84766260C34880067B515 /* AppDelegate.swift */; };
		25F84769260C34880067B515 /* SceneDelegate.swift in Sources */ = {isa = PBXBuildFile; fileRef = 25F84768260C34880067B515 /* SceneDelegate.swift */; };
		25F8476B260C34880067B515 /* HomePageView.swift in Sources */ = {isa = PBXBuildFile; fileRef = 25F8476A260C34880067B515 /* HomePageView.swift */; };
		25F8476D260C348A0067B515 /* Assets.xcassets in Resources */ = {isa = PBXBuildFile; fileRef = 25F8476C260C348A0067B515 /* Assets.xcassets */; };
		25F84770260C348A0067B515 /* Preview Assets.xcassets in Resources */ = {isa = PBXBuildFile; fileRef = 25F8476F260C348A0067B515 /* Preview Assets.xcassets */; };
		25F84773260C348A0067B515 /* LaunchScreen.storyboard in Resources */ = {isa = PBXBuildFile; fileRef = 25F84771260C348A0067B515 /* LaunchScreen.storyboard */; };
		25F8477E260C348A0067B515 /* RoktDemoTests.swift in Sources */ = {isa = PBXBuildFile; fileRef = 25F8477D260C348A0067B515 /* RoktDemoTests.swift */; };
		25F84789260C348A0067B515 /* RoktDemoUITests.swift in Sources */ = {isa = PBXBuildFile; fileRef = 25F84788260C348A0067B515 /* RoktDemoUITests.swift */; };
		3BB5EF721DEA0AA91B0B4D3C /* Pods_RoktDemoTests.framework in Frameworks */ = {isa = PBXBuildFile; fileRef = 4C17D62CF39286A850B684C4 /* Pods_RoktDemoTests.framework */; };
		520B6AB07C6D41F22221D515 /* Pods_RoktDemo_RoktDemoUITests.framework in Frameworks */ = {isa = PBXBuildFile; fileRef = D57D63D807CB9ADBB044A6CC /* Pods_RoktDemo_RoktDemoUITests.framework */; };
		5899226B2613F63800A58DA3 /* Font+Extensions.swift in Sources */ = {isa = PBXBuildFile; fileRef = 5899226A2613F63800A58DA3 /* Font+Extensions.swift */; };
		589922702613F67A00A58DA3 /* ButtonDefault.swift in Sources */ = {isa = PBXBuildFile; fileRef = 5899226F2613F67A00A58DA3 /* ButtonDefault.swift */; };
		589922792613F75800A58DA3 /* ButtonDefaultOutlined.swift in Sources */ = {isa = PBXBuildFile; fileRef = 589922782613F75800A58DA3 /* ButtonDefaultOutlined.swift */; };
		5899228426141EF900A58DA3 /* AboutRoktView.swift in Sources */ = {isa = PBXBuildFile; fileRef = 5899228326141EF900A58DA3 /* AboutRoktView.swift */; };
		5899228A26141F3500A58DA3 /* AboutRoktModel.swift in Sources */ = {isa = PBXBuildFile; fileRef = 5899228926141F3500A58DA3 /* AboutRoktModel.swift */; };
		5899229226141F9100A58DA3 /* AboutRoktContentModel.swift in Sources */ = {isa = PBXBuildFile; fileRef = 5899229126141F9100A58DA3 /* AboutRoktContentModel.swift */; };
		589922972614201100A58DA3 /* AboutRoktLinkModel.swift in Sources */ = {isa = PBXBuildFile; fileRef = 589922962614201100A58DA3 /* AboutRoktLinkModel.swift */; };
		5899229D2614214500A58DA3 /* AboutRoktService.swift in Sources */ = {isa = PBXBuildFile; fileRef = 5899229C2614214500A58DA3 /* AboutRoktService.swift */; };
		589922A92615445D00A58DA3 /* SafariView.swift in Sources */ = {isa = PBXBuildFile; fileRef = 589922A82615445D00A58DA3 /* SafariView.swift */; };
		589922B226154BA500A58DA3 /* AboutRoktContentView.swift in Sources */ = {isa = PBXBuildFile; fileRef = 589922B126154BA500A58DA3 /* AboutRoktContentView.swift */; };
		589922BA2615560800A58DA3 /* Constants.swift in Sources */ = {isa = PBXBuildFile; fileRef = 589922B92615560800A58DA3 /* Constants.swift */; };
		589922C226155FA700A58DA3 /* AboutRoktLinkView.swift in Sources */ = {isa = PBXBuildFile; fileRef = 589922C126155FA700A58DA3 /* AboutRoktLinkView.swift */; };
		589922C72615683700A58DA3 /* balto-bold.otf in Resources */ = {isa = PBXBuildFile; fileRef = 589922C62615683700A58DA3 /* balto-bold.otf */; };
		589922CC261587A700A58DA3 /* ExtendableHeader.swift in Sources */ = {isa = PBXBuildFile; fileRef = 589922CB261587A700A58DA3 /* ExtendableHeader.swift */; };
/* End PBXBuildFile section */

/* Begin PBXContainerItemProxy section */
		25F8477A260C348A0067B515 /* PBXContainerItemProxy */ = {
			isa = PBXContainerItemProxy;
			containerPortal = 25F8475B260C34880067B515 /* Project object */;
			proxyType = 1;
			remoteGlobalIDString = 25F84762260C34880067B515;
			remoteInfo = RoktDemo;
		};
		25F84785260C348A0067B515 /* PBXContainerItemProxy */ = {
			isa = PBXContainerItemProxy;
			containerPortal = 25F8475B260C34880067B515 /* Project object */;
			proxyType = 1;
			remoteGlobalIDString = 25F84762260C34880067B515;
			remoteInfo = RoktDemo;
		};
/* End PBXContainerItemProxy section */

/* Begin PBXFileReference section */
		10ED9192FFA9C96CCB3E713B /* Pods_RoktDemo.framework */ = {isa = PBXFileReference; explicitFileType = wrapper.framework; includeInIndex = 0; path = Pods_RoktDemo.framework; sourceTree = BUILT_PRODUCTS_DIR; };
		20098664A1E8183EDD086EA3 /* Pods-RoktDemo.release.xcconfig */ = {isa = PBXFileReference; includeInIndex = 1; lastKnownFileType = text.xcconfig; name = "Pods-RoktDemo.release.xcconfig"; path = "Target Support Files/Pods-RoktDemo/Pods-RoktDemo.release.xcconfig"; sourceTree = "<group>"; };
		256673A02D436BE09A2A2212 /* Pods-RoktDemoTests.debug.xcconfig */ = {isa = PBXFileReference; includeInIndex = 1; lastKnownFileType = text.xcconfig; name = "Pods-RoktDemoTests.debug.xcconfig"; path = "Target Support Files/Pods-RoktDemoTests/Pods-RoktDemoTests.debug.xcconfig"; sourceTree = "<group>"; };
		256EB75A261C0EFE00B959EF /* HeaderView.swift */ = {isa = PBXFileReference; lastKnownFileType = sourcecode.swift; path = HeaderView.swift; sourceTree = "<group>"; };
		256EB75F261C0F7F00B959EF /* DemoLibraryView.swift */ = {isa = PBXFileReference; lastKnownFileType = sourcecode.swift; path = DemoLibraryView.swift; sourceTree = "<group>"; };
		256EB764261C0FD900B959EF /* DemoLibraryModel.swift */ = {isa = PBXFileReference; lastKnownFileType = sourcecode.swift; path = DemoLibraryModel.swift; sourceTree = "<group>"; };
		256EB769261C1ABD00B959EF /* DefaultPlacementExamplesModel.swift */ = {isa = PBXFileReference; lastKnownFileType = sourcecode.swift; path = DefaultPlacementExamplesModel.swift; sourceTree = "<group>"; };
		256EB76E261C1CB700B959EF /* DemoItemModel.swift */ = {isa = PBXFileReference; lastKnownFileType = sourcecode.swift; path = DemoItemModel.swift; sourceTree = "<group>"; };
		256EB773261C1FFB00B959EF /* CustomConfigurationPageModel.swift */ = {isa = PBXFileReference; lastKnownFileType = sourcecode.swift; path = CustomConfigurationPageModel.swift; sourceTree = "<group>"; };
		256EB778261C206A00B959EF /* PreDefinedScreen1Model.swift */ = {isa = PBXFileReference; lastKnownFileType = sourcecode.swift; path = PreDefinedScreen1Model.swift; sourceTree = "<group>"; };
		256EB77D261C208500B959EF /* PreDefinedScreen2Model.swift */ = {isa = PBXFileReference; lastKnownFileType = sourcecode.swift; path = PreDefinedScreen2Model.swift; sourceTree = "<group>"; };
		256EB782261C209200B959EF /* PreDefinedScreen3Model.swift */ = {isa = PBXFileReference; lastKnownFileType = sourcecode.swift; path = PreDefinedScreen3Model.swift; sourceTree = "<group>"; };
		256EB787261C26FA00B959EF /* DemoLibraryService.swift */ = {isa = PBXFileReference; lastKnownFileType = sourcecode.swift; path = DemoLibraryService.swift; sourceTree = "<group>"; };
		2574714F261E7EB100B8C0C7 /* NavigationBarModifier.swift */ = {isa = PBXFileReference; lastKnownFileType = sourcecode.swift; path = NavigationBarModifier.swift; sourceTree = "<group>"; };
		2574715A261EB40B00B8C0C7 /* NavigationBarAccessor.swift */ = {isa = PBXFileReference; lastKnownFileType = sourcecode.swift; path = NavigationBarAccessor.swift; sourceTree = "<group>"; };
		25747163261EB5B200B8C0C7 /* NavigationBarGray.swift */ = {isa = PBXFileReference; lastKnownFileType = sourcecode.swift; path = NavigationBarGray.swift; sourceTree = "<group>"; };
		2574716B261EB5C300B8C0C7 /* NavigationBarTransparent.swift */ = {isa = PBXFileReference; lastKnownFileType = sourcecode.swift; path = NavigationBarTransparent.swift; sourceTree = "<group>"; };
		25747170261EB5D200B8C0C7 /* NavigationBarBlack.swift */ = {isa = PBXFileReference; lastKnownFileType = sourcecode.swift; path = NavigationBarBlack.swift; sourceTree = "<group>"; };
		2576572A261D4CBF003F3D26 /* Color+Extensions.swift */ = {isa = PBXFileReference; lastKnownFileType = sourcecode.swift; path = "Color+Extensions.swift"; sourceTree = "<group>"; };
		25BA8D87260D94B60044EF14 /* SoleilBook.otf */ = {isa = PBXFileReference; lastKnownFileType = file; path = SoleilBook.otf; sourceTree = "<group>"; };
		25BA8D88260D94B60044EF14 /* SoleilLight.otf */ = {isa = PBXFileReference; lastKnownFileType = file; path = SoleilLight.otf; sourceTree = "<group>"; };
		25BA8D89260D94B60044EF14 /* SoleilRegular.otf */ = {isa = PBXFileReference; lastKnownFileType = file; path = SoleilRegular.otf; sourceTree = "<group>"; };
		25BA8D8A260D94B60044EF14 /* SoleilBold.otf */ = {isa = PBXFileReference; lastKnownFileType = file; path = SoleilBold.otf; sourceTree = "<group>"; };
		25F84763260C34880067B515 /* RoktDemo.app */ = {isa = PBXFileReference; explicitFileType = wrapper.application; includeInIndex = 0; path = RoktDemo.app; sourceTree = BUILT_PRODUCTS_DIR; };
		25F84766260C34880067B515 /* AppDelegate.swift */ = {isa = PBXFileReference; lastKnownFileType = sourcecode.swift; path = AppDelegate.swift; sourceTree = "<group>"; };
		25F84768260C34880067B515 /* SceneDelegate.swift */ = {isa = PBXFileReference; lastKnownFileType = sourcecode.swift; path = SceneDelegate.swift; sourceTree = "<group>"; };
		25F8476A260C34880067B515 /* HomePageView.swift */ = {isa = PBXFileReference; lastKnownFileType = sourcecode.swift; path = HomePageView.swift; sourceTree = "<group>"; };
		25F8476C260C348A0067B515 /* Assets.xcassets */ = {isa = PBXFileReference; lastKnownFileType = folder.assetcatalog; path = Assets.xcassets; sourceTree = "<group>"; };
		25F8476F260C348A0067B515 /* Preview Assets.xcassets */ = {isa = PBXFileReference; lastKnownFileType = folder.assetcatalog; path = "Preview Assets.xcassets"; sourceTree = "<group>"; };
		25F84772260C348A0067B515 /* Base */ = {isa = PBXFileReference; lastKnownFileType = file.storyboard; name = Base; path = Base.lproj/LaunchScreen.storyboard; sourceTree = "<group>"; };
		25F84774260C348A0067B515 /* Info.plist */ = {isa = PBXFileReference; lastKnownFileType = text.plist.xml; path = Info.plist; sourceTree = "<group>"; };
		25F84779260C348A0067B515 /* RoktDemoTests.xctest */ = {isa = PBXFileReference; explicitFileType = wrapper.cfbundle; includeInIndex = 0; path = RoktDemoTests.xctest; sourceTree = BUILT_PRODUCTS_DIR; };
		25F8477D260C348A0067B515 /* RoktDemoTests.swift */ = {isa = PBXFileReference; lastKnownFileType = sourcecode.swift; path = RoktDemoTests.swift; sourceTree = "<group>"; };
		25F8477F260C348A0067B515 /* Info.plist */ = {isa = PBXFileReference; lastKnownFileType = text.plist.xml; path = Info.plist; sourceTree = "<group>"; };
		25F84784260C348A0067B515 /* RoktDemoUITests.xctest */ = {isa = PBXFileReference; explicitFileType = wrapper.cfbundle; includeInIndex = 0; path = RoktDemoUITests.xctest; sourceTree = BUILT_PRODUCTS_DIR; };
		25F84788260C348A0067B515 /* RoktDemoUITests.swift */ = {isa = PBXFileReference; lastKnownFileType = sourcecode.swift; path = RoktDemoUITests.swift; sourceTree = "<group>"; };
		25F8478A260C348A0067B515 /* Info.plist */ = {isa = PBXFileReference; lastKnownFileType = text.plist.xml; path = Info.plist; sourceTree = "<group>"; };
		4C17D62CF39286A850B684C4 /* Pods_RoktDemoTests.framework */ = {isa = PBXFileReference; explicitFileType = wrapper.framework; includeInIndex = 0; path = Pods_RoktDemoTests.framework; sourceTree = BUILT_PRODUCTS_DIR; };
		566ECCCA4121A5A9797680AC /* Pods-RoktDemo-RoktDemoUITests.release.xcconfig */ = {isa = PBXFileReference; includeInIndex = 1; lastKnownFileType = text.xcconfig; name = "Pods-RoktDemo-RoktDemoUITests.release.xcconfig"; path = "Target Support Files/Pods-RoktDemo-RoktDemoUITests/Pods-RoktDemo-RoktDemoUITests.release.xcconfig"; sourceTree = "<group>"; };
		5899226A2613F63800A58DA3 /* Font+Extensions.swift */ = {isa = PBXFileReference; lastKnownFileType = sourcecode.swift; path = "Font+Extensions.swift"; sourceTree = "<group>"; };
		5899226F2613F67A00A58DA3 /* ButtonDefault.swift */ = {isa = PBXFileReference; lastKnownFileType = sourcecode.swift; path = ButtonDefault.swift; sourceTree = "<group>"; };
		589922782613F75800A58DA3 /* ButtonDefaultOutlined.swift */ = {isa = PBXFileReference; lastKnownFileType = sourcecode.swift; path = ButtonDefaultOutlined.swift; sourceTree = "<group>"; };
		5899228326141EF900A58DA3 /* AboutRoktView.swift */ = {isa = PBXFileReference; lastKnownFileType = sourcecode.swift; path = AboutRoktView.swift; sourceTree = "<group>"; };
		5899228926141F3500A58DA3 /* AboutRoktModel.swift */ = {isa = PBXFileReference; lastKnownFileType = sourcecode.swift; path = AboutRoktModel.swift; sourceTree = "<group>"; };
		5899229126141F9100A58DA3 /* AboutRoktContentModel.swift */ = {isa = PBXFileReference; lastKnownFileType = sourcecode.swift; path = AboutRoktContentModel.swift; sourceTree = "<group>"; };
		589922962614201100A58DA3 /* AboutRoktLinkModel.swift */ = {isa = PBXFileReference; lastKnownFileType = sourcecode.swift; path = AboutRoktLinkModel.swift; sourceTree = "<group>"; };
		5899229C2614214500A58DA3 /* AboutRoktService.swift */ = {isa = PBXFileReference; lastKnownFileType = sourcecode.swift; path = AboutRoktService.swift; sourceTree = "<group>"; };
		589922A82615445D00A58DA3 /* SafariView.swift */ = {isa = PBXFileReference; lastKnownFileType = sourcecode.swift; path = SafariView.swift; sourceTree = "<group>"; };
		589922B126154BA500A58DA3 /* AboutRoktContentView.swift */ = {isa = PBXFileReference; lastKnownFileType = sourcecode.swift; path = AboutRoktContentView.swift; sourceTree = "<group>"; };
		589922B92615560800A58DA3 /* Constants.swift */ = {isa = PBXFileReference; lastKnownFileType = sourcecode.swift; path = Constants.swift; sourceTree = "<group>"; };
		589922C126155FA700A58DA3 /* AboutRoktLinkView.swift */ = {isa = PBXFileReference; lastKnownFileType = sourcecode.swift; path = AboutRoktLinkView.swift; sourceTree = "<group>"; };
		589922C62615683700A58DA3 /* balto-bold.otf */ = {isa = PBXFileReference; lastKnownFileType = file; path = "balto-bold.otf"; sourceTree = "<group>"; };
		589922CB261587A700A58DA3 /* ExtendableHeader.swift */ = {isa = PBXFileReference; lastKnownFileType = sourcecode.swift; path = ExtendableHeader.swift; sourceTree = "<group>"; };
		C221050D0B69B2C21ACF8205 /* Pods-RoktDemo.debug.xcconfig */ = {isa = PBXFileReference; includeInIndex = 1; lastKnownFileType = text.xcconfig; name = "Pods-RoktDemo.debug.xcconfig"; path = "Target Support Files/Pods-RoktDemo/Pods-RoktDemo.debug.xcconfig"; sourceTree = "<group>"; };
		D57D63D807CB9ADBB044A6CC /* Pods_RoktDemo_RoktDemoUITests.framework */ = {isa = PBXFileReference; explicitFileType = wrapper.framework; includeInIndex = 0; path = Pods_RoktDemo_RoktDemoUITests.framework; sourceTree = BUILT_PRODUCTS_DIR; };
		D846721728CAB7BAD5D74BB6 /* Pods-RoktDemo-RoktDemoUITests.debug.xcconfig */ = {isa = PBXFileReference; includeInIndex = 1; lastKnownFileType = text.xcconfig; name = "Pods-RoktDemo-RoktDemoUITests.debug.xcconfig"; path = "Target Support Files/Pods-RoktDemo-RoktDemoUITests/Pods-RoktDemo-RoktDemoUITests.debug.xcconfig"; sourceTree = "<group>"; };
		F8CC10E03DF2BF60BAEACEE2 /* Pods-RoktDemoTests.release.xcconfig */ = {isa = PBXFileReference; includeInIndex = 1; lastKnownFileType = text.xcconfig; name = "Pods-RoktDemoTests.release.xcconfig"; path = "Target Support Files/Pods-RoktDemoTests/Pods-RoktDemoTests.release.xcconfig"; sourceTree = "<group>"; };
/* End PBXFileReference section */

/* Begin PBXFrameworksBuildPhase section */
		25F84760260C34880067B515 /* Frameworks */ = {
			isa = PBXFrameworksBuildPhase;
			buildActionMask = 2147483647;
			files = (
				17E6B740C63A1CB615166AEB /* Pods_RoktDemo.framework in Frameworks */,
			);
			runOnlyForDeploymentPostprocessing = 0;
		};
		25F84776260C348A0067B515 /* Frameworks */ = {
			isa = PBXFrameworksBuildPhase;
			buildActionMask = 2147483647;
			files = (
				3BB5EF721DEA0AA91B0B4D3C /* Pods_RoktDemoTests.framework in Frameworks */,
			);
			runOnlyForDeploymentPostprocessing = 0;
		};
		25F84781260C348A0067B515 /* Frameworks */ = {
			isa = PBXFrameworksBuildPhase;
			buildActionMask = 2147483647;
			files = (
				520B6AB07C6D41F22221D515 /* Pods_RoktDemo_RoktDemoUITests.framework in Frameworks */,
			);
			runOnlyForDeploymentPostprocessing = 0;
		};
/* End PBXFrameworksBuildPhase section */

/* Begin PBXGroup section */
		10323298D47D5FF12D5D2570 /* Pods */ = {
			isa = PBXGroup;
			children = (
				C221050D0B69B2C21ACF8205 /* Pods-RoktDemo.debug.xcconfig */,
				20098664A1E8183EDD086EA3 /* Pods-RoktDemo.release.xcconfig */,
				D846721728CAB7BAD5D74BB6 /* Pods-RoktDemo-RoktDemoUITests.debug.xcconfig */,
				566ECCCA4121A5A9797680AC /* Pods-RoktDemo-RoktDemoUITests.release.xcconfig */,
				256673A02D436BE09A2A2212 /* Pods-RoktDemoTests.debug.xcconfig */,
				F8CC10E03DF2BF60BAEACEE2 /* Pods-RoktDemoTests.release.xcconfig */,
			);
			path = Pods;
			sourceTree = "<group>";
		};
		25747162261EB53F00B8C0C7 /* NavigationBar */ = {
			isa = PBXGroup;
			children = (
				25747163261EB5B200B8C0C7 /* NavigationBarGray.swift */,
				2574716B261EB5C300B8C0C7 /* NavigationBarTransparent.swift */,
				25747170261EB5D200B8C0C7 /* NavigationBarBlack.swift */,
			);
			path = NavigationBar;
			sourceTree = "<group>";
		};
		25BA8D85260D94560044EF14 /* Resources */ = {
			isa = PBXGroup;
			children = (
				25F84766260C34880067B515 /* AppDelegate.swift */,
				25F84768260C34880067B515 /* SceneDelegate.swift */,
				25F8476C260C348A0067B515 /* Assets.xcassets */,
				25F84771260C348A0067B515 /* LaunchScreen.storyboard */,
				25BA8D86260D945F0044EF14 /* Fonts */,
			);
			path = Resources;
			sourceTree = "<group>";
		};
		25BA8D86260D945F0044EF14 /* Fonts */ = {
			isa = PBXGroup;
			children = (
				25BA8D8A260D94B60044EF14 /* SoleilBold.otf */,
				25BA8D87260D94B60044EF14 /* SoleilBook.otf */,
				25BA8D88260D94B60044EF14 /* SoleilLight.otf */,
				25BA8D89260D94B60044EF14 /* SoleilRegular.otf */,
				589922C62615683700A58DA3 /* balto-bold.otf */,
			);
			path = Fonts;
			sourceTree = "<group>";
		};
		25F8475A260C34880067B515 = {
			isa = PBXGroup;
			children = (
				25F84765260C34880067B515 /* RoktDemo */,
				25F8477C260C348A0067B515 /* RoktDemoTests */,
				25F84787260C348A0067B515 /* RoktDemoUITests */,
				25F84764260C34880067B515 /* Products */,
				10323298D47D5FF12D5D2570 /* Pods */,
				A5C3ED60C4B18FDC5C202F0B /* Frameworks */,
			);
			sourceTree = "<group>";
		};
		25F84764260C34880067B515 /* Products */ = {
			isa = PBXGroup;
			children = (
				25F84763260C34880067B515 /* RoktDemo.app */,
				25F84779260C348A0067B515 /* RoktDemoTests.xctest */,
				25F84784260C348A0067B515 /* RoktDemoUITests.xctest */,
			);
			name = Products;
			sourceTree = "<group>";
		};
		25F84765260C34880067B515 /* RoktDemo */ = {
			isa = PBXGroup;
			children = (
				5899229B261420B500A58DA3 /* Service */,
				5899228826141F2100A58DA3 /* Model */,
				589922662613DA8500A58DA3 /* Extensions */,
				589873FC2612C38F00C904E8 /* Utils */,
				589873F82612BF1100C904E8 /* Views */,
				25BA8D85260D94560044EF14 /* Resources */,
				25F84774260C348A0067B515 /* Info.plist */,
				25F8476E260C348A0067B515 /* Preview Content */,
			);
			path = RoktDemo;
			sourceTree = "<group>";
		};
		25F8476E260C348A0067B515 /* Preview Content */ = {
			isa = PBXGroup;
			children = (
				25F8476F260C348A0067B515 /* Preview Assets.xcassets */,
			);
			path = "Preview Content";
			sourceTree = "<group>";
		};
		25F8477C260C348A0067B515 /* RoktDemoTests */ = {
			isa = PBXGroup;
			children = (
				25F8477D260C348A0067B515 /* RoktDemoTests.swift */,
				25F8477F260C348A0067B515 /* Info.plist */,
			);
			path = RoktDemoTests;
			sourceTree = "<group>";
		};
		25F84787260C348A0067B515 /* RoktDemoUITests */ = {
			isa = PBXGroup;
			children = (
				25F84788260C348A0067B515 /* RoktDemoUITests.swift */,
				25F8478A260C348A0067B515 /* Info.plist */,
			);
			path = RoktDemoUITests;
			sourceTree = "<group>";
		};
		589873F82612BF1100C904E8 /* Views */ = {
			isa = PBXGroup;
			children = (
				25747162261EB53F00B8C0C7 /* NavigationBar */,
				589922B026154B0A00A58DA3 /* SubViews */,
				589922A72615442C00A58DA3 /* Utils */,
				589922742613F72E00A58DA3 /* Buttons */,
				25F8476A260C34880067B515 /* HomePageView.swift */,
				5899228326141EF900A58DA3 /* AboutRoktView.swift */,
				256EB75F261C0F7F00B959EF /* DemoLibraryView.swift */,
			);
			path = Views;
			sourceTree = "<group>";
		};
		589873FC2612C38F00C904E8 /* Utils */ = {
			isa = PBXGroup;
			children = (
				589922B92615560800A58DA3 /* Constants.swift */,
			);
			path = Utils;
			sourceTree = "<group>";
		};
		589922662613DA8500A58DA3 /* Extensions */ = {
			isa = PBXGroup;
			children = (
			);
			path = Extensions;
			sourceTree = "<group>";
		};
		589922742613F72E00A58DA3 /* Buttons */ = {
			isa = PBXGroup;
			children = (
				5899226F2613F67A00A58DA3 /* ButtonDefault.swift */,
				589922782613F75800A58DA3 /* ButtonDefaultOutlined.swift */,
			);
			path = Buttons;
			sourceTree = "<group>";
		};
		5899228826141F2100A58DA3 /* Model */ = {
			isa = PBXGroup;
			children = (
				5899228926141F3500A58DA3 /* AboutRoktModel.swift */,
				5899229126141F9100A58DA3 /* AboutRoktContentModel.swift */,
				589922962614201100A58DA3 /* AboutRoktLinkModel.swift */,
				256EB764261C0FD900B959EF /* DemoLibraryModel.swift */,
				256EB76E261C1CB700B959EF /* DemoItemModel.swift */,
				256EB769261C1ABD00B959EF /* DefaultPlacementExamplesModel.swift */,
				256EB773261C1FFB00B959EF /* CustomConfigurationPageModel.swift */,
				256EB778261C206A00B959EF /* PreDefinedScreen1Model.swift */,
				256EB77D261C208500B959EF /* PreDefinedScreen2Model.swift */,
				256EB782261C209200B959EF /* PreDefinedScreen3Model.swift */,
			);
			path = Model;
			sourceTree = "<group>";
		};
		5899229B261420B500A58DA3 /* Service */ = {
			isa = PBXGroup;
			children = (
				5899229C2614214500A58DA3 /* AboutRoktService.swift */,
				256EB787261C26FA00B959EF /* DemoLibraryService.swift */,
			);
			path = Service;
			sourceTree = "<group>";
		};
		589922A72615442C00A58DA3 /* Utils */ = {
			isa = PBXGroup;
			children = (
				5899226A2613F63800A58DA3 /* Font+Extensions.swift */,
				589922CB261587A700A58DA3 /* ExtendableHeader.swift */,
				2576572A261D4CBF003F3D26 /* Color+Extensions.swift */,
				2574714F261E7EB100B8C0C7 /* NavigationBarModifier.swift */,
				2574715A261EB40B00B8C0C7 /* NavigationBarAccessor.swift */,
			);
			path = Utils;
			sourceTree = "<group>";
		};
		589922B026154B0A00A58DA3 /* SubViews */ = {
			isa = PBXGroup;
			children = (
				589922B126154BA500A58DA3 /* AboutRoktContentView.swift */,
				589922C126155FA700A58DA3 /* AboutRoktLinkView.swift */,
				256EB75A261C0EFE00B959EF /* HeaderView.swift */,
				589922A82615445D00A58DA3 /* SafariView.swift */,
			);
			path = SubViews;
			sourceTree = "<group>";
		};
		A5C3ED60C4B18FDC5C202F0B /* Frameworks */ = {
			isa = PBXGroup;
			children = (
				10ED9192FFA9C96CCB3E713B /* Pods_RoktDemo.framework */,
				D57D63D807CB9ADBB044A6CC /* Pods_RoktDemo_RoktDemoUITests.framework */,
				4C17D62CF39286A850B684C4 /* Pods_RoktDemoTests.framework */,
			);
			name = Frameworks;
			sourceTree = "<group>";
		};
/* End PBXGroup section */

/* Begin PBXNativeTarget section */
		25F84762260C34880067B515 /* RoktDemo */ = {
			isa = PBXNativeTarget;
			buildConfigurationList = 25F8478D260C348A0067B515 /* Build configuration list for PBXNativeTarget "RoktDemo" */;
			buildPhases = (
				4AE908BBCA7B04E133FFBC67 /* [CP] Check Pods Manifest.lock */,
				25F8475F260C34880067B515 /* Sources */,
				25F84760260C34880067B515 /* Frameworks */,
				25F84761260C34880067B515 /* Resources */,
				8F84F8B17BBB9B52E202C2B6 /* [CP] Embed Pods Frameworks */,
				9F9D0606EFE73A60EB82B948 /* [CP] Copy Pods Resources */,
			);
			buildRules = (
			);
			dependencies = (
			);
			name = RoktDemo;
			productName = RoktDemo;
			productReference = 25F84763260C34880067B515 /* RoktDemo.app */;
			productType = "com.apple.product-type.application";
		};
		25F84778260C348A0067B515 /* RoktDemoTests */ = {
			isa = PBXNativeTarget;
			buildConfigurationList = 25F84790260C348A0067B515 /* Build configuration list for PBXNativeTarget "RoktDemoTests" */;
			buildPhases = (
				6191FA9987CEC41B73569004 /* [CP] Check Pods Manifest.lock */,
				25F84775260C348A0067B515 /* Sources */,
				25F84776260C348A0067B515 /* Frameworks */,
				25F84777260C348A0067B515 /* Resources */,
			);
			buildRules = (
			);
			dependencies = (
				25F8477B260C348A0067B515 /* PBXTargetDependency */,
			);
			name = RoktDemoTests;
			productName = RoktDemoTests;
			productReference = 25F84779260C348A0067B515 /* RoktDemoTests.xctest */;
			productType = "com.apple.product-type.bundle.unit-test";
		};
		25F84783260C348A0067B515 /* RoktDemoUITests */ = {
			isa = PBXNativeTarget;
			buildConfigurationList = 25F84793260C348A0067B515 /* Build configuration list for PBXNativeTarget "RoktDemoUITests" */;
			buildPhases = (
				65A381303020086D54934342 /* [CP] Check Pods Manifest.lock */,
				25F84780260C348A0067B515 /* Sources */,
				25F84781260C348A0067B515 /* Frameworks */,
				25F84782260C348A0067B515 /* Resources */,
				D64BB0BD1AE9312069C24845 /* [CP] Embed Pods Frameworks */,
				66004F5644FC13BACDB0550F /* [CP] Copy Pods Resources */,
			);
			buildRules = (
			);
			dependencies = (
				25F84786260C348A0067B515 /* PBXTargetDependency */,
			);
			name = RoktDemoUITests;
			productName = RoktDemoUITests;
			productReference = 25F84784260C348A0067B515 /* RoktDemoUITests.xctest */;
			productType = "com.apple.product-type.bundle.ui-testing";
		};
/* End PBXNativeTarget section */

/* Begin PBXProject section */
		25F8475B260C34880067B515 /* Project object */ = {
			isa = PBXProject;
			attributes = {
				LastSwiftUpdateCheck = 1240;
				LastUpgradeCheck = 1240;
				TargetAttributes = {
					25F84762260C34880067B515 = {
						CreatedOnToolsVersion = 12.4;
					};
					25F84778260C348A0067B515 = {
						CreatedOnToolsVersion = 12.4;
						TestTargetID = 25F84762260C34880067B515;
					};
					25F84783260C348A0067B515 = {
						CreatedOnToolsVersion = 12.4;
						TestTargetID = 25F84762260C34880067B515;
					};
				};
			};
			buildConfigurationList = 25F8475E260C34880067B515 /* Build configuration list for PBXProject "RoktDemo" */;
			compatibilityVersion = "Xcode 9.3";
			developmentRegion = en;
			hasScannedForEncodings = 0;
			knownRegions = (
				en,
				Base,
			);
			mainGroup = 25F8475A260C34880067B515;
			productRefGroup = 25F84764260C34880067B515 /* Products */;
			projectDirPath = "";
			projectRoot = "";
			targets = (
				25F84762260C34880067B515 /* RoktDemo */,
				25F84778260C348A0067B515 /* RoktDemoTests */,
				25F84783260C348A0067B515 /* RoktDemoUITests */,
			);
		};
/* End PBXProject section */

/* Begin PBXResourcesBuildPhase section */
		25F84761260C34880067B515 /* Resources */ = {
			isa = PBXResourcesBuildPhase;
			buildActionMask = 2147483647;
			files = (
				25BA8D8B260D94B60044EF14 /* SoleilBook.otf in Resources */,
				25F84773260C348A0067B515 /* LaunchScreen.storyboard in Resources */,
				25BA8D8E260D94B60044EF14 /* SoleilBold.otf in Resources */,
				25BA8D8D260D94B60044EF14 /* SoleilRegular.otf in Resources */,
				25F84770260C348A0067B515 /* Preview Assets.xcassets in Resources */,
				589922C72615683700A58DA3 /* balto-bold.otf in Resources */,
				25BA8D8C260D94B60044EF14 /* SoleilLight.otf in Resources */,
				25F8476D260C348A0067B515 /* Assets.xcassets in Resources */,
			);
			runOnlyForDeploymentPostprocessing = 0;
		};
		25F84777260C348A0067B515 /* Resources */ = {
			isa = PBXResourcesBuildPhase;
			buildActionMask = 2147483647;
			files = (
			);
			runOnlyForDeploymentPostprocessing = 0;
		};
		25F84782260C348A0067B515 /* Resources */ = {
			isa = PBXResourcesBuildPhase;
			buildActionMask = 2147483647;
			files = (
			);
			runOnlyForDeploymentPostprocessing = 0;
		};
/* End PBXResourcesBuildPhase section */

/* Begin PBXShellScriptBuildPhase section */
		4AE908BBCA7B04E133FFBC67 /* [CP] Check Pods Manifest.lock */ = {
			isa = PBXShellScriptBuildPhase;
			buildActionMask = 2147483647;
			files = (
			);
			inputFileListPaths = (
			);
			inputPaths = (
				"${PODS_PODFILE_DIR_PATH}/Podfile.lock",
				"${PODS_ROOT}/Manifest.lock",
			);
			name = "[CP] Check Pods Manifest.lock";
			outputFileListPaths = (
			);
			outputPaths = (
				"$(DERIVED_FILE_DIR)/Pods-RoktDemo-checkManifestLockResult.txt",
			);
			runOnlyForDeploymentPostprocessing = 0;
			shellPath = /bin/sh;
			shellScript = "diff \"${PODS_PODFILE_DIR_PATH}/Podfile.lock\" \"${PODS_ROOT}/Manifest.lock\" > /dev/null\nif [ $? != 0 ] ; then\n    # print error to STDERR\n    echo \"error: The sandbox is not in sync with the Podfile.lock. Run 'pod install' or update your CocoaPods installation.\" >&2\n    exit 1\nfi\n# This output is used by Xcode 'outputs' to avoid re-running this script phase.\necho \"SUCCESS\" > \"${SCRIPT_OUTPUT_FILE_0}\"\n";
			showEnvVarsInLog = 0;
		};
		6191FA9987CEC41B73569004 /* [CP] Check Pods Manifest.lock */ = {
			isa = PBXShellScriptBuildPhase;
			buildActionMask = 2147483647;
			files = (
			);
			inputFileListPaths = (
			);
			inputPaths = (
				"${PODS_PODFILE_DIR_PATH}/Podfile.lock",
				"${PODS_ROOT}/Manifest.lock",
			);
			name = "[CP] Check Pods Manifest.lock";
			outputFileListPaths = (
			);
			outputPaths = (
				"$(DERIVED_FILE_DIR)/Pods-RoktDemoTests-checkManifestLockResult.txt",
			);
			runOnlyForDeploymentPostprocessing = 0;
			shellPath = /bin/sh;
			shellScript = "diff \"${PODS_PODFILE_DIR_PATH}/Podfile.lock\" \"${PODS_ROOT}/Manifest.lock\" > /dev/null\nif [ $? != 0 ] ; then\n    # print error to STDERR\n    echo \"error: The sandbox is not in sync with the Podfile.lock. Run 'pod install' or update your CocoaPods installation.\" >&2\n    exit 1\nfi\n# This output is used by Xcode 'outputs' to avoid re-running this script phase.\necho \"SUCCESS\" > \"${SCRIPT_OUTPUT_FILE_0}\"\n";
			showEnvVarsInLog = 0;
		};
		65A381303020086D54934342 /* [CP] Check Pods Manifest.lock */ = {
			isa = PBXShellScriptBuildPhase;
			buildActionMask = 2147483647;
			files = (
			);
			inputFileListPaths = (
			);
			inputPaths = (
				"${PODS_PODFILE_DIR_PATH}/Podfile.lock",
				"${PODS_ROOT}/Manifest.lock",
			);
			name = "[CP] Check Pods Manifest.lock";
			outputFileListPaths = (
			);
			outputPaths = (
				"$(DERIVED_FILE_DIR)/Pods-RoktDemo-RoktDemoUITests-checkManifestLockResult.txt",
			);
			runOnlyForDeploymentPostprocessing = 0;
			shellPath = /bin/sh;
			shellScript = "diff \"${PODS_PODFILE_DIR_PATH}/Podfile.lock\" \"${PODS_ROOT}/Manifest.lock\" > /dev/null\nif [ $? != 0 ] ; then\n    # print error to STDERR\n    echo \"error: The sandbox is not in sync with the Podfile.lock. Run 'pod install' or update your CocoaPods installation.\" >&2\n    exit 1\nfi\n# This output is used by Xcode 'outputs' to avoid re-running this script phase.\necho \"SUCCESS\" > \"${SCRIPT_OUTPUT_FILE_0}\"\n";
			showEnvVarsInLog = 0;
		};
		66004F5644FC13BACDB0550F /* [CP] Copy Pods Resources */ = {
			isa = PBXShellScriptBuildPhase;
			buildActionMask = 2147483647;
			files = (
			);
			inputFileListPaths = (
				"${PODS_ROOT}/Target Support Files/Pods-RoktDemo-RoktDemoUITests/Pods-RoktDemo-RoktDemoUITests-resources-${CONFIGURATION}-input-files.xcfilelist",
			);
			name = "[CP] Copy Pods Resources";
			outputFileListPaths = (
				"${PODS_ROOT}/Target Support Files/Pods-RoktDemo-RoktDemoUITests/Pods-RoktDemo-RoktDemoUITests-resources-${CONFIGURATION}-output-files.xcfilelist",
			);
			runOnlyForDeploymentPostprocessing = 0;
			shellPath = /bin/sh;
			shellScript = "\"${PODS_ROOT}/Target Support Files/Pods-RoktDemo-RoktDemoUITests/Pods-RoktDemo-RoktDemoUITests-resources.sh\"\n";
			showEnvVarsInLog = 0;
		};
		8F84F8B17BBB9B52E202C2B6 /* [CP] Embed Pods Frameworks */ = {
			isa = PBXShellScriptBuildPhase;
			buildActionMask = 2147483647;
			files = (
			);
			inputFileListPaths = (
				"${PODS_ROOT}/Target Support Files/Pods-RoktDemo/Pods-RoktDemo-frameworks-${CONFIGURATION}-input-files.xcfilelist",
			);
			name = "[CP] Embed Pods Frameworks";
			outputFileListPaths = (
				"${PODS_ROOT}/Target Support Files/Pods-RoktDemo/Pods-RoktDemo-frameworks-${CONFIGURATION}-output-files.xcfilelist",
			);
			runOnlyForDeploymentPostprocessing = 0;
			shellPath = /bin/sh;
			shellScript = "\"${PODS_ROOT}/Target Support Files/Pods-RoktDemo/Pods-RoktDemo-frameworks.sh\"\n";
			showEnvVarsInLog = 0;
		};
		9F9D0606EFE73A60EB82B948 /* [CP] Copy Pods Resources */ = {
			isa = PBXShellScriptBuildPhase;
			buildActionMask = 2147483647;
			files = (
			);
			inputFileListPaths = (
				"${PODS_ROOT}/Target Support Files/Pods-RoktDemo/Pods-RoktDemo-resources-${CONFIGURATION}-input-files.xcfilelist",
			);
			name = "[CP] Copy Pods Resources";
			outputFileListPaths = (
				"${PODS_ROOT}/Target Support Files/Pods-RoktDemo/Pods-RoktDemo-resources-${CONFIGURATION}-output-files.xcfilelist",
			);
			runOnlyForDeploymentPostprocessing = 0;
			shellPath = /bin/sh;
			shellScript = "\"${PODS_ROOT}/Target Support Files/Pods-RoktDemo/Pods-RoktDemo-resources.sh\"\n";
			showEnvVarsInLog = 0;
		};
		D64BB0BD1AE9312069C24845 /* [CP] Embed Pods Frameworks */ = {
			isa = PBXShellScriptBuildPhase;
			buildActionMask = 2147483647;
			files = (
			);
			inputFileListPaths = (
				"${PODS_ROOT}/Target Support Files/Pods-RoktDemo-RoktDemoUITests/Pods-RoktDemo-RoktDemoUITests-frameworks-${CONFIGURATION}-input-files.xcfilelist",
			);
			name = "[CP] Embed Pods Frameworks";
			outputFileListPaths = (
				"${PODS_ROOT}/Target Support Files/Pods-RoktDemo-RoktDemoUITests/Pods-RoktDemo-RoktDemoUITests-frameworks-${CONFIGURATION}-output-files.xcfilelist",
			);
			runOnlyForDeploymentPostprocessing = 0;
			shellPath = /bin/sh;
			shellScript = "\"${PODS_ROOT}/Target Support Files/Pods-RoktDemo-RoktDemoUITests/Pods-RoktDemo-RoktDemoUITests-frameworks.sh\"\n";
			showEnvVarsInLog = 0;
		};
/* End PBXShellScriptBuildPhase section */

/* Begin PBXSourcesBuildPhase section */
		25F8475F260C34880067B515 /* Sources */ = {
			isa = PBXSourcesBuildPhase;
			buildActionMask = 2147483647;
			files = (
				256EB77E261C208500B959EF /* PreDefinedScreen2Model.swift in Sources */,
				256EB779261C206A00B959EF /* PreDefinedScreen1Model.swift in Sources */,
				2576572B261D4CBF003F3D26 /* Color+Extensions.swift in Sources */,
				256EB76A261C1ABD00B959EF /* DefaultPlacementExamplesModel.swift in Sources */,
				589922702613F67A00A58DA3 /* ButtonDefault.swift in Sources */,
				256EB774261C1FFB00B959EF /* CustomConfigurationPageModel.swift in Sources */,
				256EB765261C0FD900B959EF /* DemoLibraryModel.swift in Sources */,
				589922C226155FA700A58DA3 /* AboutRoktLinkView.swift in Sources */,
				25F84767260C34880067B515 /* AppDelegate.swift in Sources */,
				256EB760261C0F7F00B959EF /* DemoLibraryView.swift in Sources */,
				2574715B261EB40B00B8C0C7 /* NavigationBarAccessor.swift in Sources */,
				256EB788261C26FA00B959EF /* DemoLibraryService.swift in Sources */,
				25F84769260C34880067B515 /* SceneDelegate.swift in Sources */,
				2574716C261EB5C300B8C0C7 /* NavigationBarTransparent.swift in Sources */,
				5899229226141F9100A58DA3 /* AboutRoktContentModel.swift in Sources */,
				589922A92615445D00A58DA3 /* SafariView.swift in Sources */,
				256EB75B261C0EFE00B959EF /* HeaderView.swift in Sources */,
				5899229D2614214500A58DA3 /* AboutRoktService.swift in Sources */,
				5899228A26141F3500A58DA3 /* AboutRoktModel.swift in Sources */,
				5899226B2613F63800A58DA3 /* Font+Extensions.swift in Sources */,
				25F8476B260C34880067B515 /* HomePageView.swift in Sources */,
				25747171261EB5D200B8C0C7 /* NavigationBarBlack.swift in Sources */,
				589922972614201100A58DA3 /* AboutRoktLinkModel.swift in Sources */,
				256EB76F261C1CB700B959EF /* DemoItemModel.swift in Sources */,
				256EB783261C209200B959EF /* PreDefinedScreen3Model.swift in Sources */,
				589922B226154BA500A58DA3 /* AboutRoktContentView.swift in Sources */,
				25747164261EB5B200B8C0C7 /* NavigationBarGray.swift in Sources */,
				25747150261E7EB100B8C0C7 /* NavigationBarModifier.swift in Sources */,
				589922BA2615560800A58DA3 /* Constants.swift in Sources */,
				589922CC261587A700A58DA3 /* ExtendableHeader.swift in Sources */,
				589922792613F75800A58DA3 /* ButtonDefaultOutlined.swift in Sources */,
				5899228426141EF900A58DA3 /* AboutRoktView.swift in Sources */,
			);
			runOnlyForDeploymentPostprocessing = 0;
		};
		25F84775260C348A0067B515 /* Sources */ = {
			isa = PBXSourcesBuildPhase;
			buildActionMask = 2147483647;
			files = (
				25F8477E260C348A0067B515 /* RoktDemoTests.swift in Sources */,
			);
			runOnlyForDeploymentPostprocessing = 0;
		};
		25F84780260C348A0067B515 /* Sources */ = {
			isa = PBXSourcesBuildPhase;
			buildActionMask = 2147483647;
			files = (
				25F84789260C348A0067B515 /* RoktDemoUITests.swift in Sources */,
			);
			runOnlyForDeploymentPostprocessing = 0;
		};
/* End PBXSourcesBuildPhase section */

/* Begin PBXTargetDependency section */
		25F8477B260C348A0067B515 /* PBXTargetDependency */ = {
			isa = PBXTargetDependency;
			target = 25F84762260C34880067B515 /* RoktDemo */;
			targetProxy = 25F8477A260C348A0067B515 /* PBXContainerItemProxy */;
		};
		25F84786260C348A0067B515 /* PBXTargetDependency */ = {
			isa = PBXTargetDependency;
			target = 25F84762260C34880067B515 /* RoktDemo */;
			targetProxy = 25F84785260C348A0067B515 /* PBXContainerItemProxy */;
		};
/* End PBXTargetDependency section */

/* Begin PBXVariantGroup section */
		25F84771260C348A0067B515 /* LaunchScreen.storyboard */ = {
			isa = PBXVariantGroup;
			children = (
				25F84772260C348A0067B515 /* Base */,
			);
			name = LaunchScreen.storyboard;
			sourceTree = "<group>";
		};
/* End PBXVariantGroup section */

/* Begin XCBuildConfiguration section */
		25F8478B260C348A0067B515 /* Debug */ = {
			isa = XCBuildConfiguration;
			buildSettings = {
				ALWAYS_SEARCH_USER_PATHS = NO;
				CLANG_ANALYZER_NONNULL = YES;
				CLANG_ANALYZER_NUMBER_OBJECT_CONVERSION = YES_AGGRESSIVE;
				CLANG_CXX_LANGUAGE_STANDARD = "gnu++14";
				CLANG_CXX_LIBRARY = "libc++";
				CLANG_ENABLE_MODULES = YES;
				CLANG_ENABLE_OBJC_ARC = YES;
				CLANG_ENABLE_OBJC_WEAK = YES;
				CLANG_WARN_BLOCK_CAPTURE_AUTORELEASING = YES;
				CLANG_WARN_BOOL_CONVERSION = YES;
				CLANG_WARN_COMMA = YES;
				CLANG_WARN_CONSTANT_CONVERSION = YES;
				CLANG_WARN_DEPRECATED_OBJC_IMPLEMENTATIONS = YES;
				CLANG_WARN_DIRECT_OBJC_ISA_USAGE = YES_ERROR;
				CLANG_WARN_DOCUMENTATION_COMMENTS = YES;
				CLANG_WARN_EMPTY_BODY = YES;
				CLANG_WARN_ENUM_CONVERSION = YES;
				CLANG_WARN_INFINITE_RECURSION = YES;
				CLANG_WARN_INT_CONVERSION = YES;
				CLANG_WARN_NON_LITERAL_NULL_CONVERSION = YES;
				CLANG_WARN_OBJC_IMPLICIT_RETAIN_SELF = YES;
				CLANG_WARN_OBJC_LITERAL_CONVERSION = YES;
				CLANG_WARN_OBJC_ROOT_CLASS = YES_ERROR;
				CLANG_WARN_QUOTED_INCLUDE_IN_FRAMEWORK_HEADER = YES;
				CLANG_WARN_RANGE_LOOP_ANALYSIS = YES;
				CLANG_WARN_STRICT_PROTOTYPES = YES;
				CLANG_WARN_SUSPICIOUS_MOVE = YES;
				CLANG_WARN_UNGUARDED_AVAILABILITY = YES_AGGRESSIVE;
				CLANG_WARN_UNREACHABLE_CODE = YES;
				CLANG_WARN__DUPLICATE_METHOD_MATCH = YES;
				COPY_PHASE_STRIP = NO;
				DEBUG_INFORMATION_FORMAT = dwarf;
				ENABLE_STRICT_OBJC_MSGSEND = YES;
				ENABLE_TESTABILITY = YES;
				GCC_C_LANGUAGE_STANDARD = gnu11;
				GCC_DYNAMIC_NO_PIC = NO;
				GCC_NO_COMMON_BLOCKS = YES;
				GCC_OPTIMIZATION_LEVEL = 0;
				GCC_PREPROCESSOR_DEFINITIONS = (
					"DEBUG=1",
					"$(inherited)",
				);
				GCC_WARN_64_TO_32_BIT_CONVERSION = YES;
				GCC_WARN_ABOUT_RETURN_TYPE = YES_ERROR;
				GCC_WARN_UNDECLARED_SELECTOR = YES;
				GCC_WARN_UNINITIALIZED_AUTOS = YES_AGGRESSIVE;
				GCC_WARN_UNUSED_FUNCTION = YES;
				GCC_WARN_UNUSED_VARIABLE = YES;
				IPHONEOS_DEPLOYMENT_TARGET = 14.4;
				MTL_ENABLE_DEBUG_INFO = INCLUDE_SOURCE;
				MTL_FAST_MATH = YES;
				ONLY_ACTIVE_ARCH = YES;
				SDKROOT = iphoneos;
				SWIFT_ACTIVE_COMPILATION_CONDITIONS = DEBUG;
				SWIFT_OPTIMIZATION_LEVEL = "-Onone";
			};
			name = Debug;
		};
		25F8478C260C348A0067B515 /* Release */ = {
			isa = XCBuildConfiguration;
			buildSettings = {
				ALWAYS_SEARCH_USER_PATHS = NO;
				CLANG_ANALYZER_NONNULL = YES;
				CLANG_ANALYZER_NUMBER_OBJECT_CONVERSION = YES_AGGRESSIVE;
				CLANG_CXX_LANGUAGE_STANDARD = "gnu++14";
				CLANG_CXX_LIBRARY = "libc++";
				CLANG_ENABLE_MODULES = YES;
				CLANG_ENABLE_OBJC_ARC = YES;
				CLANG_ENABLE_OBJC_WEAK = YES;
				CLANG_WARN_BLOCK_CAPTURE_AUTORELEASING = YES;
				CLANG_WARN_BOOL_CONVERSION = YES;
				CLANG_WARN_COMMA = YES;
				CLANG_WARN_CONSTANT_CONVERSION = YES;
				CLANG_WARN_DEPRECATED_OBJC_IMPLEMENTATIONS = YES;
				CLANG_WARN_DIRECT_OBJC_ISA_USAGE = YES_ERROR;
				CLANG_WARN_DOCUMENTATION_COMMENTS = YES;
				CLANG_WARN_EMPTY_BODY = YES;
				CLANG_WARN_ENUM_CONVERSION = YES;
				CLANG_WARN_INFINITE_RECURSION = YES;
				CLANG_WARN_INT_CONVERSION = YES;
				CLANG_WARN_NON_LITERAL_NULL_CONVERSION = YES;
				CLANG_WARN_OBJC_IMPLICIT_RETAIN_SELF = YES;
				CLANG_WARN_OBJC_LITERAL_CONVERSION = YES;
				CLANG_WARN_OBJC_ROOT_CLASS = YES_ERROR;
				CLANG_WARN_QUOTED_INCLUDE_IN_FRAMEWORK_HEADER = YES;
				CLANG_WARN_RANGE_LOOP_ANALYSIS = YES;
				CLANG_WARN_STRICT_PROTOTYPES = YES;
				CLANG_WARN_SUSPICIOUS_MOVE = YES;
				CLANG_WARN_UNGUARDED_AVAILABILITY = YES_AGGRESSIVE;
				CLANG_WARN_UNREACHABLE_CODE = YES;
				CLANG_WARN__DUPLICATE_METHOD_MATCH = YES;
				COPY_PHASE_STRIP = NO;
				DEBUG_INFORMATION_FORMAT = "dwarf-with-dsym";
				ENABLE_NS_ASSERTIONS = NO;
				ENABLE_STRICT_OBJC_MSGSEND = YES;
				GCC_C_LANGUAGE_STANDARD = gnu11;
				GCC_NO_COMMON_BLOCKS = YES;
				GCC_WARN_64_TO_32_BIT_CONVERSION = YES;
				GCC_WARN_ABOUT_RETURN_TYPE = YES_ERROR;
				GCC_WARN_UNDECLARED_SELECTOR = YES;
				GCC_WARN_UNINITIALIZED_AUTOS = YES_AGGRESSIVE;
				GCC_WARN_UNUSED_FUNCTION = YES;
				GCC_WARN_UNUSED_VARIABLE = YES;
				IPHONEOS_DEPLOYMENT_TARGET = 14.4;
				MTL_ENABLE_DEBUG_INFO = NO;
				MTL_FAST_MATH = YES;
				SDKROOT = iphoneos;
				SWIFT_COMPILATION_MODE = wholemodule;
				SWIFT_OPTIMIZATION_LEVEL = "-O";
				VALIDATE_PRODUCT = YES;
			};
			name = Release;
		};
		25F8478E260C348A0067B515 /* Debug */ = {
			isa = XCBuildConfiguration;
			baseConfigurationReference = C221050D0B69B2C21ACF8205 /* Pods-RoktDemo.debug.xcconfig */;
			buildSettings = {
				ASSETCATALOG_COMPILER_APPICON_NAME = AppIcon;
				ASSETCATALOG_COMPILER_GLOBAL_ACCENT_COLOR_NAME = AccentColor;
				CODE_SIGN_STYLE = Automatic;
				DEVELOPMENT_ASSET_PATHS = "\"RoktDemo/Preview Content\"";
				ENABLE_PREVIEWS = YES;
				INFOPLIST_FILE = RoktDemo/Info.plist;
				IPHONEOS_DEPLOYMENT_TARGET = 13.0;
				LD_RUNPATH_SEARCH_PATHS = (
					"$(inherited)",
					"@executable_path/Frameworks",
				);
				MARKETING_VERSION = 1.0.0;
				PRODUCT_BUNDLE_IDENTIFIER = com.rokt.RoktDemo;
				PRODUCT_NAME = "$(TARGET_NAME)";
				SWIFT_VERSION = 5.0;
				TARGETED_DEVICE_FAMILY = "1,2";
			};
			name = Debug;
		};
		25F8478F260C348A0067B515 /* Release */ = {
			isa = XCBuildConfiguration;
			baseConfigurationReference = 20098664A1E8183EDD086EA3 /* Pods-RoktDemo.release.xcconfig */;
			buildSettings = {
				ASSETCATALOG_COMPILER_APPICON_NAME = AppIcon;
				ASSETCATALOG_COMPILER_GLOBAL_ACCENT_COLOR_NAME = AccentColor;
				CODE_SIGN_STYLE = Automatic;
				DEVELOPMENT_ASSET_PATHS = "\"RoktDemo/Preview Content\"";
				ENABLE_PREVIEWS = YES;
				INFOPLIST_FILE = RoktDemo/Info.plist;
				IPHONEOS_DEPLOYMENT_TARGET = 13.0;
				LD_RUNPATH_SEARCH_PATHS = (
					"$(inherited)",
					"@executable_path/Frameworks",
				);
				MARKETING_VERSION = 1.0.0;
				PRODUCT_BUNDLE_IDENTIFIER = com.rokt.RoktDemo;
				PRODUCT_NAME = "$(TARGET_NAME)";
				SWIFT_VERSION = 5.0;
				TARGETED_DEVICE_FAMILY = "1,2";
			};
			name = Release;
		};
		25F84791260C348A0067B515 /* Debug */ = {
			isa = XCBuildConfiguration;
			baseConfigurationReference = 256673A02D436BE09A2A2212 /* Pods-RoktDemoTests.debug.xcconfig */;
			buildSettings = {
				ALWAYS_EMBED_SWIFT_STANDARD_LIBRARIES = YES;
				BUNDLE_LOADER = "$(TEST_HOST)";
				CODE_SIGN_STYLE = Automatic;
				INFOPLIST_FILE = RoktDemoTests/Info.plist;
				IPHONEOS_DEPLOYMENT_TARGET = 13.0;
				LD_RUNPATH_SEARCH_PATHS = (
					"$(inherited)",
					"@executable_path/Frameworks",
					"@loader_path/Frameworks",
				);
				PRODUCT_BUNDLE_IDENTIFIER = com.rokt.RoktDemoTests;
				PRODUCT_NAME = "$(TARGET_NAME)";
				SWIFT_VERSION = 5.0;
				TARGETED_DEVICE_FAMILY = "1,2";
				TEST_HOST = "$(BUILT_PRODUCTS_DIR)/RoktDemo.app/RoktDemo";
			};
			name = Debug;
		};
		25F84792260C348A0067B515 /* Release */ = {
			isa = XCBuildConfiguration;
			baseConfigurationReference = F8CC10E03DF2BF60BAEACEE2 /* Pods-RoktDemoTests.release.xcconfig */;
			buildSettings = {
				ALWAYS_EMBED_SWIFT_STANDARD_LIBRARIES = YES;
				BUNDLE_LOADER = "$(TEST_HOST)";
				CODE_SIGN_STYLE = Automatic;
				INFOPLIST_FILE = RoktDemoTests/Info.plist;
				IPHONEOS_DEPLOYMENT_TARGET = 13.0;
				LD_RUNPATH_SEARCH_PATHS = (
					"$(inherited)",
					"@executable_path/Frameworks",
					"@loader_path/Frameworks",
				);
				PRODUCT_BUNDLE_IDENTIFIER = com.rokt.RoktDemoTests;
				PRODUCT_NAME = "$(TARGET_NAME)";
				SWIFT_VERSION = 5.0;
				TARGETED_DEVICE_FAMILY = "1,2";
				TEST_HOST = "$(BUILT_PRODUCTS_DIR)/RoktDemo.app/RoktDemo";
			};
			name = Release;
		};
		25F84794260C348A0067B515 /* Debug */ = {
			isa = XCBuildConfiguration;
			baseConfigurationReference = D846721728CAB7BAD5D74BB6 /* Pods-RoktDemo-RoktDemoUITests.debug.xcconfig */;
			buildSettings = {
				ALWAYS_EMBED_SWIFT_STANDARD_LIBRARIES = YES;
				CODE_SIGN_STYLE = Automatic;
				INFOPLIST_FILE = RoktDemoUITests/Info.plist;
				IPHONEOS_DEPLOYMENT_TARGET = 13.0;
				LD_RUNPATH_SEARCH_PATHS = (
					"$(inherited)",
					"@executable_path/Frameworks",
					"@loader_path/Frameworks",
				);
				PRODUCT_BUNDLE_IDENTIFIER = com.rokt.RoktDemoUITests;
				PRODUCT_NAME = "$(TARGET_NAME)";
				SWIFT_VERSION = 5.0;
				TARGETED_DEVICE_FAMILY = "1,2";
				TEST_TARGET_NAME = RoktDemo;
			};
			name = Debug;
		};
		25F84795260C348A0067B515 /* Release */ = {
			isa = XCBuildConfiguration;
			baseConfigurationReference = 566ECCCA4121A5A9797680AC /* Pods-RoktDemo-RoktDemoUITests.release.xcconfig */;
			buildSettings = {
				ALWAYS_EMBED_SWIFT_STANDARD_LIBRARIES = YES;
				CODE_SIGN_STYLE = Automatic;
				INFOPLIST_FILE = RoktDemoUITests/Info.plist;
				IPHONEOS_DEPLOYMENT_TARGET = 13.0;
				LD_RUNPATH_SEARCH_PATHS = (
					"$(inherited)",
					"@executable_path/Frameworks",
					"@loader_path/Frameworks",
				);
				PRODUCT_BUNDLE_IDENTIFIER = com.rokt.RoktDemoUITests;
				PRODUCT_NAME = "$(TARGET_NAME)";
				SWIFT_VERSION = 5.0;
				TARGETED_DEVICE_FAMILY = "1,2";
				TEST_TARGET_NAME = RoktDemo;
			};
			name = Release;
		};
/* End XCBuildConfiguration section */

/* Begin XCConfigurationList section */
		25F8475E260C34880067B515 /* Build configuration list for PBXProject "RoktDemo" */ = {
			isa = XCConfigurationList;
			buildConfigurations = (
				25F8478B260C348A0067B515 /* Debug */,
				25F8478C260C348A0067B515 /* Release */,
			);
			defaultConfigurationIsVisible = 0;
			defaultConfigurationName = Release;
		};
		25F8478D260C348A0067B515 /* Build configuration list for PBXNativeTarget "RoktDemo" */ = {
			isa = XCConfigurationList;
			buildConfigurations = (
				25F8478E260C348A0067B515 /* Debug */,
				25F8478F260C348A0067B515 /* Release */,
			);
			defaultConfigurationIsVisible = 0;
			defaultConfigurationName = Release;
		};
		25F84790260C348A0067B515 /* Build configuration list for PBXNativeTarget "RoktDemoTests" */ = {
			isa = XCConfigurationList;
			buildConfigurations = (
				25F84791260C348A0067B515 /* Debug */,
				25F84792260C348A0067B515 /* Release */,
			);
			defaultConfigurationIsVisible = 0;
			defaultConfigurationName = Release;
		};
		25F84793260C348A0067B515 /* Build configuration list for PBXNativeTarget "RoktDemoUITests" */ = {
			isa = XCConfigurationList;
			buildConfigurations = (
				25F84794260C348A0067B515 /* Debug */,
				25F84795260C348A0067B515 /* Release */,
			);
			defaultConfigurationIsVisible = 0;
			defaultConfigurationName = Release;
		};
/* End XCConfigurationList section */
	};
	rootObject = 25F8475B260C34880067B515 /* Project object */;
}
